// !$*UTF8*$!
{
	archiveVersion = 1;
	classes = {
	};
	objectVersion = 50;
	objects = {

/* Begin PBXBuildFile section */
		1B3D9C7425360B670035AC43 /* BuildingsManager.swift in Sources */ = {isa = PBXBuildFile; fileRef = 1B3D9C7325360B670035AC43 /* BuildingsManager.swift */; };
		1BA49BF2252AA39200B9DDA8 /* CampusApp.swift in Sources */ = {isa = PBXBuildFile; fileRef = 1BA49BF1252AA39200B9DDA8 /* CampusApp.swift */; };
		1BA49BF4252AA39200B9DDA8 /* ContentView.swift in Sources */ = {isa = PBXBuildFile; fileRef = 1BA49BF3252AA39200B9DDA8 /* ContentView.swift */; };
		1BA49BF6252AA39400B9DDA8 /* Assets.xcassets in Resources */ = {isa = PBXBuildFile; fileRef = 1BA49BF5252AA39400B9DDA8 /* Assets.xcassets */; };
		1BA49BF9252AA39400B9DDA8 /* Preview Assets.xcassets in Resources */ = {isa = PBXBuildFile; fileRef = 1BA49BF8252AA39400B9DDA8 /* Preview Assets.xcassets */; };
		1BA49C04252AA39500B9DDA8 /* CampusTests.swift in Sources */ = {isa = PBXBuildFile; fileRef = 1BA49C03252AA39500B9DDA8 /* CampusTests.swift */; };
		1BA49C0F252AA39500B9DDA8 /* CampusUITests.swift in Sources */ = {isa = PBXBuildFile; fileRef = 1BA49C0E252AA39500B9DDA8 /* CampusUITests.swift */; };
		1BA49C2F252AA86E00B9DDA8 /* CampusMapView.swift in Sources */ = {isa = PBXBuildFile; fileRef = 1BA49C2E252AA86E00B9DDA8 /* CampusMapView.swift */; };
		1BA49C34252AA99C00B9DDA8 /* LocationsManager.swift in Sources */ = {isa = PBXBuildFile; fileRef = 1BA49C33252AA99C00B9DDA8 /* LocationsManager.swift */; };
		1BA49C3C252AAA5800B9DDA8 /* CampusData.swift in Sources */ = {isa = PBXBuildFile; fileRef = 1BA49C3B252AAA5800B9DDA8 /* CampusData.swift */; };
		1BB4131E252E7BDF009C6AD4 /* FavButton.swift in Sources */ = {isa = PBXBuildFile; fileRef = 1BB4131D252E7BDF009C6AD4 /* FavButton.swift */; };
		1BB688FB252BF6F1000F0FA0 /* buildings.json in Resources */ = {isa = PBXBuildFile; fileRef = 1BB688FA252BF6F1000F0FA0 /* buildings.json */; };
		1BB68900252BFB3E000F0FA0 /* BuildingsListView.swift in Sources */ = {isa = PBXBuildFile; fileRef = 1BB688FF252BFB3E000F0FA0 /* BuildingsListView.swift */; };
		1BB68905252BFB49000F0FA0 /* BuildingView.swift in Sources */ = {isa = PBXBuildFile; fileRef = 1BB68904252BFB49000F0FA0 /* BuildingView.swift */; };
		1BCA40BE2538BB1800A9F59A /* DirectionsView.swift in Sources */ = {isa = PBXBuildFile; fileRef = 1BCA40BD2538BB1800A9F59A /* DirectionsView.swift */; };
		1BFF69B72538DA7600BD8D5E /* EEWest.gpx in Resources */ = {isa = PBXBuildFile; fileRef = 1BFF69B62538DA7600BD8D5E /* EEWest.gpx */; };
		1BFF69BC2538F57B00BD8D5E /* NavigationStepsView.swift in Sources */ = {isa = PBXBuildFile; fileRef = 1BFF69BB2538F57B00BD8D5E /* NavigationStepsView.swift */; };
/* End PBXBuildFile section */

/* Begin PBXContainerItemProxy section */
		1BA49C00252AA39500B9DDA8 /* PBXContainerItemProxy */ = {
			isa = PBXContainerItemProxy;
			containerPortal = 1BA49BE6252AA39200B9DDA8 /* Project object */;
			proxyType = 1;
			remoteGlobalIDString = 1BA49BED252AA39200B9DDA8;
			remoteInfo = Campus;
		};
		1BA49C0B252AA39500B9DDA8 /* PBXContainerItemProxy */ = {
			isa = PBXContainerItemProxy;
			containerPortal = 1BA49BE6252AA39200B9DDA8 /* Project object */;
			proxyType = 1;
			remoteGlobalIDString = 1BA49BED252AA39200B9DDA8;
			remoteInfo = Campus;
		};
/* End PBXContainerItemProxy section */

/* Begin PBXFileReference section */
		1B3D9C7325360B670035AC43 /* BuildingsManager.swift */ = {isa = PBXFileReference; lastKnownFileType = sourcecode.swift; path = BuildingsManager.swift; sourceTree = "<group>"; };
		1BA49BEE252AA39200B9DDA8 /* Campus.app */ = {isa = PBXFileReference; explicitFileType = wrapper.application; includeInIndex = 0; path = Campus.app; sourceTree = BUILT_PRODUCTS_DIR; };
		1BA49BF1252AA39200B9DDA8 /* CampusApp.swift */ = {isa = PBXFileReference; lastKnownFileType = sourcecode.swift; path = CampusApp.swift; sourceTree = "<group>"; };
		1BA49BF3252AA39200B9DDA8 /* ContentView.swift */ = {isa = PBXFileReference; lastKnownFileType = sourcecode.swift; path = ContentView.swift; sourceTree = "<group>"; };
		1BA49BF5252AA39400B9DDA8 /* Assets.xcassets */ = {isa = PBXFileReference; lastKnownFileType = folder.assetcatalog; path = Assets.xcassets; sourceTree = "<group>"; };
		1BA49BF8252AA39400B9DDA8 /* Preview Assets.xcassets */ = {isa = PBXFileReference; lastKnownFileType = folder.assetcatalog; path = "Preview Assets.xcassets"; sourceTree = "<group>"; };
		1BA49BFA252AA39400B9DDA8 /* Info.plist */ = {isa = PBXFileReference; lastKnownFileType = text.plist.xml; path = Info.plist; sourceTree = "<group>"; };
		1BA49BFF252AA39500B9DDA8 /* CampusTests.xctest */ = {isa = PBXFileReference; explicitFileType = wrapper.cfbundle; includeInIndex = 0; path = CampusTests.xctest; sourceTree = BUILT_PRODUCTS_DIR; };
		1BA49C03252AA39500B9DDA8 /* CampusTests.swift */ = {isa = PBXFileReference; lastKnownFileType = sourcecode.swift; path = CampusTests.swift; sourceTree = "<group>"; };
		1BA49C05252AA39500B9DDA8 /* Info.plist */ = {isa = PBXFileReference; lastKnownFileType = text.plist.xml; path = Info.plist; sourceTree = "<group>"; };
		1BA49C0A252AA39500B9DDA8 /* CampusUITests.xctest */ = {isa = PBXFileReference; explicitFileType = wrapper.cfbundle; includeInIndex = 0; path = CampusUITests.xctest; sourceTree = BUILT_PRODUCTS_DIR; };
		1BA49C0E252AA39500B9DDA8 /* CampusUITests.swift */ = {isa = PBXFileReference; lastKnownFileType = sourcecode.swift; path = CampusUITests.swift; sourceTree = "<group>"; };
		1BA49C10252AA39500B9DDA8 /* Info.plist */ = {isa = PBXFileReference; lastKnownFileType = text.plist.xml; path = Info.plist; sourceTree = "<group>"; };
		1BA49C2E252AA86E00B9DDA8 /* CampusMapView.swift */ = {isa = PBXFileReference; lastKnownFileType = sourcecode.swift; path = CampusMapView.swift; sourceTree = "<group>"; };
		1BA49C33252AA99C00B9DDA8 /* LocationsManager.swift */ = {isa = PBXFileReference; lastKnownFileType = sourcecode.swift; name = LocationsManager.swift; path = Campus/Model/LocationsManager.swift; sourceTree = SOURCE_ROOT; };
		1BA49C3B252AAA5800B9DDA8 /* CampusData.swift */ = {isa = PBXFileReference; lastKnownFileType = sourcecode.swift; path = CampusData.swift; sourceTree = "<group>"; };
		1BB4131D252E7BDF009C6AD4 /* FavButton.swift */ = {isa = PBXFileReference; lastKnownFileType = sourcecode.swift; path = FavButton.swift; sourceTree = "<group>"; };
		1BB688FA252BF6F1000F0FA0 /* buildings.json */ = {isa = PBXFileReference; fileEncoding = 4; lastKnownFileType = text.json; path = buildings.json; sourceTree = "<group>"; };
		1BB688FF252BFB3E000F0FA0 /* BuildingsListView.swift */ = {isa = PBXFileReference; lastKnownFileType = sourcecode.swift; path = BuildingsListView.swift; sourceTree = "<group>"; };
		1BB68904252BFB49000F0FA0 /* BuildingView.swift */ = {isa = PBXFileReference; lastKnownFileType = sourcecode.swift; path = BuildingView.swift; sourceTree = "<group>"; };
		1BCA40BD2538BB1800A9F59A /* DirectionsView.swift */ = {isa = PBXFileReference; lastKnownFileType = sourcecode.swift; path = DirectionsView.swift; sourceTree = "<group>"; };
		1BFF69B62538DA7600BD8D5E /* EEWest.gpx */ = {isa = PBXFileReference; fileEncoding = 4; lastKnownFileType = text.xml; path = EEWest.gpx; sourceTree = "<group>"; };
		1BFF69BB2538F57B00BD8D5E /* NavigationStepsView.swift */ = {isa = PBXFileReference; lastKnownFileType = sourcecode.swift; path = NavigationStepsView.swift; sourceTree = "<group>"; };
/* End PBXFileReference section */

/* Begin PBXFrameworksBuildPhase section */
		1BA49BEB252AA39200B9DDA8 /* Frameworks */ = {
			isa = PBXFrameworksBuildPhase;
			buildActionMask = 2147483647;
			files = (
			);
			runOnlyForDeploymentPostprocessing = 0;
		};
		1BA49BFC252AA39500B9DDA8 /* Frameworks */ = {
			isa = PBXFrameworksBuildPhase;
			buildActionMask = 2147483647;
			files = (
			);
			runOnlyForDeploymentPostprocessing = 0;
		};
		1BA49C07252AA39500B9DDA8 /* Frameworks */ = {
			isa = PBXFrameworksBuildPhase;
			buildActionMask = 2147483647;
			files = (
			);
			runOnlyForDeploymentPostprocessing = 0;
		};
/* End PBXFrameworksBuildPhase section */

/* Begin PBXGroup section */
		1BA49BE5252AA39200B9DDA8 = {
			isa = PBXGroup;
			children = (
				1BA49BF0252AA39200B9DDA8 /* Campus */,
				1BA49C02252AA39500B9DDA8 /* CampusTests */,
				1BA49C0D252AA39500B9DDA8 /* CampusUITests */,
				1BA49BEF252AA39200B9DDA8 /* Products */,
			);
			sourceTree = "<group>";
		};
		1BA49BEF252AA39200B9DDA8 /* Products */ = {
			isa = PBXGroup;
			children = (
				1BA49BEE252AA39200B9DDA8 /* Campus.app */,
				1BA49BFF252AA39500B9DDA8 /* CampusTests.xctest */,
				1BA49C0A252AA39500B9DDA8 /* CampusUITests.xctest */,
			);
			name = Products;
			sourceTree = "<group>";
		};
		1BA49BF0252AA39200B9DDA8 /* Campus */ = {
			isa = PBXGroup;
			children = (
				1BA49C25252AA6FB00B9DDA8 /* Other */,
				1BA49C23252AA6E700B9DDA8 /* View */,
				1BA49C22252AA6CF00B9DDA8 /* Model */,
				1BA49BF5252AA39400B9DDA8 /* Assets.xcassets */,
				1BA49BFA252AA39400B9DDA8 /* Info.plist */,
				1BA49BF7252AA39400B9DDA8 /* Preview Content */,
			);
			path = Campus;
			sourceTree = "<group>";
		};
		1BA49BF7252AA39400B9DDA8 /* Preview Content */ = {
			isa = PBXGroup;
			children = (
				1BA49BF8252AA39400B9DDA8 /* Preview Assets.xcassets */,
			);
			path = "Preview Content";
			sourceTree = "<group>";
		};
		1BA49C02252AA39500B9DDA8 /* CampusTests */ = {
			isa = PBXGroup;
			children = (
				1BA49C03252AA39500B9DDA8 /* CampusTests.swift */,
				1BA49C05252AA39500B9DDA8 /* Info.plist */,
			);
			path = CampusTests;
			sourceTree = "<group>";
		};
		1BA49C0D252AA39500B9DDA8 /* CampusUITests */ = {
			isa = PBXGroup;
			children = (
				1BA49C0E252AA39500B9DDA8 /* CampusUITests.swift */,
				1BA49C10252AA39500B9DDA8 /* Info.plist */,
			);
			path = CampusUITests;
			sourceTree = "<group>";
		};
		1BA49C22252AA6CF00B9DDA8 /* Model */ = {
			isa = PBXGroup;
			children = (
				1BA49C33252AA99C00B9DDA8 /* LocationsManager.swift */,
				1B3D9C7325360B670035AC43 /* BuildingsManager.swift */,
				1BB688FA252BF6F1000F0FA0 /* buildings.json */,
				1BA49C3B252AAA5800B9DDA8 /* CampusData.swift */,
			);
			path = Model;
			sourceTree = "<group>";
		};
		1BA49C23252AA6E700B9DDA8 /* View */ = {
			isa = PBXGroup;
			children = (
				1BA49BF3252AA39200B9DDA8 /* ContentView.swift */,
				1BCA40BD2538BB1800A9F59A /* DirectionsView.swift */,
				1BFF69BB2538F57B00BD8D5E /* NavigationStepsView.swift */,
				1BA49C2E252AA86E00B9DDA8 /* CampusMapView.swift */,
				1BB688FF252BFB3E000F0FA0 /* BuildingsListView.swift */,
				1BB68904252BFB49000F0FA0 /* BuildingView.swift */,
				1BB4131D252E7BDF009C6AD4 /* FavButton.swift */,
			);
			path = View;
			sourceTree = "<group>";
		};
		1BA49C25252AA6FB00B9DDA8 /* Other */ = {
			isa = PBXGroup;
			children = (
				1BA49BF1252AA39200B9DDA8 /* CampusApp.swift */,
				1BFF69B62538DA7600BD8D5E /* EEWest.gpx */,
			);
			path = Other;
			sourceTree = "<group>";
		};
/* End PBXGroup section */

/* Begin PBXNativeTarget section */
		1BA49BED252AA39200B9DDA8 /* Campus */ = {
			isa = PBXNativeTarget;
			buildConfigurationList = 1BA49C13252AA39500B9DDA8 /* Build configuration list for PBXNativeTarget "Campus" */;
			buildPhases = (
				1BA49BEA252AA39200B9DDA8 /* Sources */,
				1BA49BEB252AA39200B9DDA8 /* Frameworks */,
				1BA49BEC252AA39200B9DDA8 /* Resources */,
			);
			buildRules = (
			);
			dependencies = (
			);
			name = Campus;
			productName = Campus;
			productReference = 1BA49BEE252AA39200B9DDA8 /* Campus.app */;
			productType = "com.apple.product-type.application";
		};
		1BA49BFE252AA39500B9DDA8 /* CampusTests */ = {
			isa = PBXNativeTarget;
			buildConfigurationList = 1BA49C16252AA39500B9DDA8 /* Build configuration list for PBXNativeTarget "CampusTests" */;
			buildPhases = (
				1BA49BFB252AA39500B9DDA8 /* Sources */,
				1BA49BFC252AA39500B9DDA8 /* Frameworks */,
				1BA49BFD252AA39500B9DDA8 /* Resources */,
			);
			buildRules = (
			);
			dependencies = (
				1BA49C01252AA39500B9DDA8 /* PBXTargetDependency */,
			);
			name = CampusTests;
			productName = CampusTests;
			productReference = 1BA49BFF252AA39500B9DDA8 /* CampusTests.xctest */;
			productType = "com.apple.product-type.bundle.unit-test";
		};
		1BA49C09252AA39500B9DDA8 /* CampusUITests */ = {
			isa = PBXNativeTarget;
			buildConfigurationList = 1BA49C19252AA39500B9DDA8 /* Build configuration list for PBXNativeTarget "CampusUITests" */;
			buildPhases = (
				1BA49C06252AA39500B9DDA8 /* Sources */,
				1BA49C07252AA39500B9DDA8 /* Frameworks */,
				1BA49C08252AA39500B9DDA8 /* Resources */,
			);
			buildRules = (
			);
			dependencies = (
				1BA49C0C252AA39500B9DDA8 /* PBXTargetDependency */,
			);
			name = CampusUITests;
			productName = CampusUITests;
			productReference = 1BA49C0A252AA39500B9DDA8 /* CampusUITests.xctest */;
			productType = "com.apple.product-type.bundle.ui-testing";
		};
/* End PBXNativeTarget section */

/* Begin PBXProject section */
		1BA49BE6252AA39200B9DDA8 /* Project object */ = {
			isa = PBXProject;
			attributes = {
				LastSwiftUpdateCheck = 1200;
				LastUpgradeCheck = 1200;
				TargetAttributes = {
					1BA49BED252AA39200B9DDA8 = {
						CreatedOnToolsVersion = 12.0.1;
					};
					1BA49BFE252AA39500B9DDA8 = {
						CreatedOnToolsVersion = 12.0.1;
						TestTargetID = 1BA49BED252AA39200B9DDA8;
					};
					1BA49C09252AA39500B9DDA8 = {
						CreatedOnToolsVersion = 12.0.1;
						TestTargetID = 1BA49BED252AA39200B9DDA8;
					};
				};
			};
			buildConfigurationList = 1BA49BE9252AA39200B9DDA8 /* Build configuration list for PBXProject "Campus" */;
			compatibilityVersion = "Xcode 9.3";
			developmentRegion = en;
			hasScannedForEncodings = 0;
			knownRegions = (
				en,
				Base,
			);
			mainGroup = 1BA49BE5252AA39200B9DDA8;
			productRefGroup = 1BA49BEF252AA39200B9DDA8 /* Products */;
			projectDirPath = "";
			projectRoot = "";
			targets = (
				1BA49BED252AA39200B9DDA8 /* Campus */,
				1BA49BFE252AA39500B9DDA8 /* CampusTests */,
				1BA49C09252AA39500B9DDA8 /* CampusUITests */,
			);
		};
/* End PBXProject section */

/* Begin PBXResourcesBuildPhase section */
		1BA49BEC252AA39200B9DDA8 /* Resources */ = {
			isa = PBXResourcesBuildPhase;
			buildActionMask = 2147483647;
			files = (
				1BFF69B72538DA7600BD8D5E /* EEWest.gpx in Resources */,
				1BA49BF9252AA39400B9DDA8 /* Preview Assets.xcassets in Resources */,
				1BB688FB252BF6F1000F0FA0 /* buildings.json in Resources */,
				1BA49BF6252AA39400B9DDA8 /* Assets.xcassets in Resources */,
			);
			runOnlyForDeploymentPostprocessing = 0;
		};
		1BA49BFD252AA39500B9DDA8 /* Resources */ = {
			isa = PBXResourcesBuildPhase;
			buildActionMask = 2147483647;
			files = (
			);
			runOnlyForDeploymentPostprocessing = 0;
		};
		1BA49C08252AA39500B9DDA8 /* Resources */ = {
			isa = PBXResourcesBuildPhase;
			buildActionMask = 2147483647;
			files = (
			);
			runOnlyForDeploymentPostprocessing = 0;
		};
/* End PBXResourcesBuildPhase section */

/* Begin PBXSourcesBuildPhase section */
		1BA49BEA252AA39200B9DDA8 /* Sources */ = {
			isa = PBXSourcesBuildPhase;
			buildActionMask = 2147483647;
			files = (
				1BA49C34252AA99C00B9DDA8 /* LocationsManager.swift in Sources */,
				1BA49BF4252AA39200B9DDA8 /* ContentView.swift in Sources */,
				1BCA40BE2538BB1800A9F59A /* DirectionsView.swift in Sources */,
				1BFF69BC2538F57B00BD8D5E /* NavigationStepsView.swift in Sources */,
				1BB68905252BFB49000F0FA0 /* BuildingView.swift in Sources */,
				1BB4131E252E7BDF009C6AD4 /* FavButton.swift in Sources */,
				1BA49BF2252AA39200B9DDA8 /* CampusApp.swift in Sources */,
				1B3D9C7425360B670035AC43 /* BuildingsManager.swift in Sources */,
				1BA49C2F252AA86E00B9DDA8 /* CampusMapView.swift in Sources */,
				1BB68900252BFB3E000F0FA0 /* BuildingsListView.swift in Sources */,
				1BA49C3C252AAA5800B9DDA8 /* CampusData.swift in Sources */,
			);
			runOnlyForDeploymentPostprocessing = 0;
		};
		1BA49BFB252AA39500B9DDA8 /* Sources */ = {
			isa = PBXSourcesBuildPhase;
			buildActionMask = 2147483647;
			files = (
				1BA49C04252AA39500B9DDA8 /* CampusTests.swift in Sources */,
			);
			runOnlyForDeploymentPostprocessing = 0;
		};
		1BA49C06252AA39500B9DDA8 /* Sources */ = {
			isa = PBXSourcesBuildPhase;
			buildActionMask = 2147483647;
			files = (
				1BA49C0F252AA39500B9DDA8 /* CampusUITests.swift in Sources */,
			);
			runOnlyForDeploymentPostprocessing = 0;
		};
/* End PBXSourcesBuildPhase section */

/* Begin PBXTargetDependency section */
		1BA49C01252AA39500B9DDA8 /* PBXTargetDependency */ = {
			isa = PBXTargetDependency;
			target = 1BA49BED252AA39200B9DDA8 /* Campus */;
			targetProxy = 1BA49C00252AA39500B9DDA8 /* PBXContainerItemProxy */;
		};
		1BA49C0C252AA39500B9DDA8 /* PBXTargetDependency */ = {
			isa = PBXTargetDependency;
			target = 1BA49BED252AA39200B9DDA8 /* Campus */;
			targetProxy = 1BA49C0B252AA39500B9DDA8 /* PBXContainerItemProxy */;
		};
/* End PBXTargetDependency section */

/* Begin XCBuildConfiguration section */
		1BA49C11252AA39500B9DDA8 /* Debug */ = {
			isa = XCBuildConfiguration;
			buildSettings = {
				ALWAYS_SEARCH_USER_PATHS = NO;
				CLANG_ANALYZER_NONNULL = YES;
				CLANG_ANALYZER_NUMBER_OBJECT_CONVERSION = YES_AGGRESSIVE;
				CLANG_CXX_LANGUAGE_STANDARD = "gnu++14";
				CLANG_CXX_LIBRARY = "libc++";
				CLANG_ENABLE_MODULES = YES;
				CLANG_ENABLE_OBJC_ARC = YES;
				CLANG_ENABLE_OBJC_WEAK = YES;
				CLANG_WARN_BLOCK_CAPTURE_AUTORELEASING = YES;
				CLANG_WARN_BOOL_CONVERSION = YES;
				CLANG_WARN_COMMA = YES;
				CLANG_WARN_CONSTANT_CONVERSION = YES;
				CLANG_WARN_DEPRECATED_OBJC_IMPLEMENTATIONS = YES;
				CLANG_WARN_DIRECT_OBJC_ISA_USAGE = YES_ERROR;
				CLANG_WARN_DOCUMENTATION_COMMENTS = YES;
				CLANG_WARN_EMPTY_BODY = YES;
				CLANG_WARN_ENUM_CONVERSION = YES;
				CLANG_WARN_INFINITE_RECURSION = YES;
				CLANG_WARN_INT_CONVERSION = YES;
				CLANG_WARN_NON_LITERAL_NULL_CONVERSION = YES;
				CLANG_WARN_OBJC_IMPLICIT_RETAIN_SELF = YES;
				CLANG_WARN_OBJC_LITERAL_CONVERSION = YES;
				CLANG_WARN_OBJC_ROOT_CLASS = YES_ERROR;
				CLANG_WARN_QUOTED_INCLUDE_IN_FRAMEWORK_HEADER = YES;
				CLANG_WARN_RANGE_LOOP_ANALYSIS = YES;
				CLANG_WARN_STRICT_PROTOTYPES = YES;
				CLANG_WARN_SUSPICIOUS_MOVE = YES;
				CLANG_WARN_UNGUARDED_AVAILABILITY = YES_AGGRESSIVE;
				CLANG_WARN_UNREACHABLE_CODE = YES;
				CLANG_WARN__DUPLICATE_METHOD_MATCH = YES;
				COPY_PHASE_STRIP = NO;
				DEBUG_INFORMATION_FORMAT = dwarf;
				ENABLE_STRICT_OBJC_MSGSEND = YES;
				ENABLE_TESTABILITY = YES;
				GCC_C_LANGUAGE_STANDARD = gnu11;
				GCC_DYNAMIC_NO_PIC = NO;
				GCC_NO_COMMON_BLOCKS = YES;
				GCC_OPTIMIZATION_LEVEL = 0;
				GCC_PREPROCESSOR_DEFINITIONS = (
					"DEBUG=1",
					"$(inherited)",
				);
				GCC_WARN_64_TO_32_BIT_CONVERSION = YES;
				GCC_WARN_ABOUT_RETURN_TYPE = YES_ERROR;
				GCC_WARN_UNDECLARED_SELECTOR = YES;
				GCC_WARN_UNINITIALIZED_AUTOS = YES_AGGRESSIVE;
				GCC_WARN_UNUSED_FUNCTION = YES;
				GCC_WARN_UNUSED_VARIABLE = YES;
				IPHONEOS_DEPLOYMENT_TARGET = 14.0;
				MTL_ENABLE_DEBUG_INFO = INCLUDE_SOURCE;
				MTL_FAST_MATH = YES;
				ONLY_ACTIVE_ARCH = YES;
				SDKROOT = iphoneos;
				SWIFT_ACTIVE_COMPILATION_CONDITIONS = DEBUG;
				SWIFT_OPTIMIZATION_LEVEL = "-Onone";
			};
			name = Debug;
		};
		1BA49C12252AA39500B9DDA8 /* Release */ = {
			isa = XCBuildConfiguration;
			buildSettings = {
				ALWAYS_SEARCH_USER_PATHS = NO;
				CLANG_ANALYZER_NONNULL = YES;
				CLANG_ANALYZER_NUMBER_OBJECT_CONVERSION = YES_AGGRESSIVE;
				CLANG_CXX_LANGUAGE_STANDARD = "gnu++14";
				CLANG_CXX_LIBRARY = "libc++";
				CLANG_ENABLE_MODULES = YES;
				CLANG_ENABLE_OBJC_ARC = YES;
				CLANG_ENABLE_OBJC_WEAK = YES;
				CLANG_WARN_BLOCK_CAPTURE_AUTORELEASING = YES;
				CLANG_WARN_BOOL_CONVERSION = YES;
				CLANG_WARN_COMMA = YES;
				CLANG_WARN_CONSTANT_CONVERSION = YES;
				CLANG_WARN_DEPRECATED_OBJC_IMPLEMENTATIONS = YES;
				CLANG_WARN_DIRECT_OBJC_ISA_USAGE = YES_ERROR;
				CLANG_WARN_DOCUMENTATION_COMMENTS = YES;
				CLANG_WARN_EMPTY_BODY = YES;
				CLANG_WARN_ENUM_CONVERSION = YES;
				CLANG_WARN_INFINITE_RECURSION = YES;
				CLANG_WARN_INT_CONVERSION = YES;
				CLANG_WARN_NON_LITERAL_NULL_CONVERSION = YES;
				CLANG_WARN_OBJC_IMPLICIT_RETAIN_SELF = YES;
				CLANG_WARN_OBJC_LITERAL_CONVERSION = YES;
				CLANG_WARN_OBJC_ROOT_CLASS = YES_ERROR;
				CLANG_WARN_QUOTED_INCLUDE_IN_FRAMEWORK_HEADER = YES;
				CLANG_WARN_RANGE_LOOP_ANALYSIS = YES;
				CLANG_WARN_STRICT_PROTOTYPES = YES;
				CLANG_WARN_SUSPICIOUS_MOVE = YES;
				CLANG_WARN_UNGUARDED_AVAILABILITY = YES_AGGRESSIVE;
				CLANG_WARN_UNREACHABLE_CODE = YES;
				CLANG_WARN__DUPLICATE_METHOD_MATCH = YES;
				COPY_PHASE_STRIP = NO;
				DEBUG_INFORMATION_FORMAT = "dwarf-with-dsym";
				ENABLE_NS_ASSERTIONS = NO;
				ENABLE_STRICT_OBJC_MSGSEND = YES;
				GCC_C_LANGUAGE_STANDARD = gnu11;
				GCC_NO_COMMON_BLOCKS = YES;
				GCC_WARN_64_TO_32_BIT_CONVERSION = YES;
				GCC_WARN_ABOUT_RETURN_TYPE = YES_ERROR;
				GCC_WARN_UNDECLARED_SELECTOR = YES;
				GCC_WARN_UNINITIALIZED_AUTOS = YES_AGGRESSIVE;
				GCC_WARN_UNUSED_FUNCTION = YES;
				GCC_WARN_UNUSED_VARIABLE = YES;
				IPHONEOS_DEPLOYMENT_TARGET = 14.0;
				MTL_ENABLE_DEBUG_INFO = NO;
				MTL_FAST_MATH = YES;
				SDKROOT = iphoneos;
				SWIFT_COMPILATION_MODE = wholemodule;
				SWIFT_OPTIMIZATION_LEVEL = "-O";
				VALIDATE_PRODUCT = YES;
			};
			name = Release;
		};
		1BA49C14252AA39500B9DDA8 /* Debug */ = {
			isa = XCBuildConfiguration;
			buildSettings = {
				ASSETCATALOG_COMPILER_APPICON_NAME = AppIcon;
				ASSETCATALOG_COMPILER_GLOBAL_ACCENT_COLOR_NAME = AccentColor;
				CODE_SIGN_STYLE = Automatic;
				DEVELOPMENT_ASSET_PATHS = "\"Campus/Preview Content\"";
				ENABLE_PREVIEWS = YES;
				INFOPLIST_FILE = Campus/Info.plist;
				IPHONEOS_DEPLOYMENT_TARGET = 14.0;
				LD_RUNPATH_SEARCH_PATHS = (
					"$(inherited)",
					"@executable_path/Frameworks",
				);
				PRODUCT_BUNDLE_IDENTIFIER = edu.psu.cse.auk7.Campus;
				PRODUCT_NAME = "$(TARGET_NAME)";
				SWIFT_VERSION = 5.0;
				TARGETED_DEVICE_FAMILY = "1,2";
			};
			name = Debug;
		};
		1BA49C15252AA39500B9DDA8 /* Release */ = {
			isa = XCBuildConfiguration;
			buildSettings = {
				ASSETCATALOG_COMPILER_APPICON_NAME = AppIcon;
				ASSETCATALOG_COMPILER_GLOBAL_ACCENT_COLOR_NAME = AccentColor;
				CODE_SIGN_STYLE = Automatic;
				DEVELOPMENT_ASSET_PATHS = "\"Campus/Preview Content\"";
				ENABLE_PREVIEWS = YES;
				INFOPLIST_FILE = Campus/Info.plist;
				IPHONEOS_DEPLOYMENT_TARGET = 14.0;
				LD_RUNPATH_SEARCH_PATHS = (
					"$(inherited)",
					"@executable_path/Frameworks",
				);
				PRODUCT_BUNDLE_IDENTIFIER = edu.psu.cse.auk7.Campus;
				PRODUCT_NAME = "$(TARGET_NAME)";
				SWIFT_VERSION = 5.0;
				TARGETED_DEVICE_FAMILY = "1,2";
			};
			name = Release;
		};
		1BA49C17252AA39500B9DDA8 /* Debug */ = {
			isa = XCBuildConfiguration;
			buildSettings = {
				ALWAYS_EMBED_SWIFT_STANDARD_LIBRARIES = YES;
				BUNDLE_LOADER = "$(TEST_HOST)";
				CODE_SIGN_STYLE = Automatic;
				INFOPLIST_FILE = CampusTests/Info.plist;
				IPHONEOS_DEPLOYMENT_TARGET = 14.0;
				LD_RUNPATH_SEARCH_PATHS = (
					"$(inherited)",
					"@executable_path/Frameworks",
					"@loader_path/Frameworks",
				);
				PRODUCT_BUNDLE_IDENTIFIER = edu.psu.cse.auk7.CampusTests;
				PRODUCT_NAME = "$(TARGET_NAME)";
				SWIFT_VERSION = 5.0;
				TARGETED_DEVICE_FAMILY = "1,2";
				TEST_HOST = "$(BUILT_PRODUCTS_DIR)/Campus.app/Campus";
			};
			name = Debug;
		};
		1BA49C18252AA39500B9DDA8 /* Release */ = {
			isa = XCBuildConfiguration;
			buildSettings = {
				ALWAYS_EMBED_SWIFT_STANDARD_LIBRARIES = YES;
				BUNDLE_LOADER = "$(TEST_HOST)";
				CODE_SIGN_STYLE = Automatic;
				INFOPLIST_FILE = CampusTests/Info.plist;
				IPHONEOS_DEPLOYMENT_TARGET = 14.0;
				LD_RUNPATH_SEARCH_PATHS = (
					"$(inherited)",
					"@executable_path/Frameworks",
					"@loader_path/Frameworks",
				);
				PRODUCT_BUNDLE_IDENTIFIER = edu.psu.cse.auk7.CampusTests;
				PRODUCT_NAME = "$(TARGET_NAME)";
				SWIFT_VERSION = 5.0;
				TARGETED_DEVICE_FAMILY = "1,2";
				TEST_HOST = "$(BUILT_PRODUCTS_DIR)/Campus.app/Campus";
			};
			name = Release;
		};
		1BA49C1A252AA39500B9DDA8 /* Debug */ = {
			isa = XCBuildConfiguration;
			buildSettings = {
				ALWAYS_EMBED_SWIFT_STANDARD_LIBRARIES = YES;
				CODE_SIGN_STYLE = Automatic;
				INFOPLIST_FILE = CampusUITests/Info.plist;
				LD_RUNPATH_SEARCH_PATHS = (
					"$(inherited)",
					"@executable_path/Frameworks",
					"@loader_path/Frameworks",
				);
				PRODUCT_BUNDLE_IDENTIFIER = edu.psu.cse.auk7.CampusUITests;
				PRODUCT_NAME = "$(TARGET_NAME)";
				SWIFT_VERSION = 5.0;
				TARGETED_DEVICE_FAMILY = "1,2";
				TEST_TARGET_NAME = Campus;
			};
			name = Debug;
		};
		1BA49C1B252AA39500B9DDA8 /* Release */ = {
			isa = XCBuildConfiguration;
			buildSettings = {
				ALWAYS_EMBED_SWIFT_STANDARD_LIBRARIES = YES;
				CODE_SIGN_STYLE = Automatic;
				INFOPLIST_FILE = CampusUITests/Info.plist;
				LD_RUNPATH_SEARCH_PATHS = (
					"$(inherited)",
					"@executable_path/Frameworks",
					"@loader_path/Frameworks",
				);
				PRODUCT_BUNDLE_IDENTIFIER = edu.psu.cse.auk7.CampusUITests;
				PRODUCT_NAME = "$(TARGET_NAME)";
				SWIFT_VERSION = 5.0;
				TARGETED_DEVICE_FAMILY = "1,2";
				TEST_TARGET_NAME = Campus;
			};
			name = Release;
		};
/* End XCBuildConfiguration section */

/* Begin XCConfigurationList section */
		1BA49BE9252AA39200B9DDA8 /* Build configuration list for PBXProject "Campus" */ = {
			isa = XCConfigurationList;
			buildConfigurations = (
				1BA49C11252AA39500B9DDA8 /* Debug */,
				1BA49C12252AA39500B9DDA8 /* Release */,
			);
			defaultConfigurationIsVisible = 0;
			defaultConfigurationName = Release;
		};
		1BA49C13252AA39500B9DDA8 /* Build configuration list for PBXNativeTarget "Campus" */ = {
			isa = XCConfigurationList;
			buildConfigurations = (
				1BA49C14252AA39500B9DDA8 /* Debug */,
				1BA49C15252AA39500B9DDA8 /* Release */,
			);
			defaultConfigurationIsVisible = 0;
			defaultConfigurationName = Release;
		};
		1BA49C16252AA39500B9DDA8 /* Build configuration list for PBXNativeTarget "CampusTests" */ = {
			isa = XCConfigurationList;
			buildConfigurations = (
				1BA49C17252AA39500B9DDA8 /* Debug */,
				1BA49C18252AA39500B9DDA8 /* Release */,
			);
			defaultConfigurationIsVisible = 0;
			defaultConfigurationName = Release;
		};
		1BA49C19252AA39500B9DDA8 /* Build configuration list for PBXNativeTarget "CampusUITests" */ = {
			isa = XCConfigurationList;
			buildConfigurations = (
				1BA49C1A252AA39500B9DDA8 /* Debug */,
				1BA49C1B252AA39500B9DDA8 /* Release */,
			);
			defaultConfigurationIsVisible = 0;
			defaultConfigurationName = Release;
		};
/* End XCConfigurationList section */
	};
	rootObject = 1BA49BE6252AA39200B9DDA8 /* Project object */;
}
