// !$*UTF8*$!
{
	archiveVersion = 1;
	classes = {
	};
	objectVersion = 50;
	objects = {

/* Begin PBXBuildFile section */
		1B7483D5253E68D600B37F26 /* ClassicsApp.swift in Sources */ = {isa = PBXBuildFile; fileRef = 1B7483D4253E68D600B37F26 /* ClassicsApp.swift */; };
		1B7483D7253E68D600B37F26 /* ContentView.swift in Sources */ = {isa = PBXBuildFile; fileRef = 1B7483D6253E68D600B37F26 /* ContentView.swift */; };
		1B7483D9253E68DA00B37F26 /* Assets.xcassets in Resources */ = {isa = PBXBuildFile; fileRef = 1B7483D8253E68DA00B37F26 /* Assets.xcassets */; };
		1B7483DC253E68DA00B37F26 /* Preview Assets.xcassets in Resources */ = {isa = PBXBuildFile; fileRef = 1B7483DB253E68DA00B37F26 /* Preview Assets.xcassets */; };
		1B7483E7253E68DA00B37F26 /* ClassicsTests.swift in Sources */ = {isa = PBXBuildFile; fileRef = 1B7483E6253E68DA00B37F26 /* ClassicsTests.swift */; };
		1B7483F2253E68DA00B37F26 /* ClassicsUITests.swift in Sources */ = {isa = PBXBuildFile; fileRef = 1B7483F1253E68DA00B37F26 /* ClassicsUITests.swift */; };
		1B74853C253E90A500B37F26 /* ClassicsModel.swift in Sources */ = {isa = PBXBuildFile; fileRef = 1B74853B253E90A500B37F26 /* ClassicsModel.swift */; };
/* End PBXBuildFile section */

/* Begin PBXContainerItemProxy section */
		1B7483E3253E68DA00B37F26 /* PBXContainerItemProxy */ = {
			isa = PBXContainerItemProxy;
			containerPortal = 1B7483C9253E68D600B37F26 /* Project object */;
			proxyType = 1;
			remoteGlobalIDString = 1B7483D0253E68D600B37F26;
			remoteInfo = Classics;
		};
		1B7483EE253E68DA00B37F26 /* PBXContainerItemProxy */ = {
			isa = PBXContainerItemProxy;
			containerPortal = 1B7483C9253E68D600B37F26 /* Project object */;
			proxyType = 1;
			remoteGlobalIDString = 1B7483D0253E68D600B37F26;
			remoteInfo = Classics;
		};
/* End PBXContainerItemProxy section */

/* Begin PBXFileReference section */
		1B7483D1253E68D600B37F26 /* Classics.app */ = {isa = PBXFileReference; explicitFileType = wrapper.application; includeInIndex = 0; path = Classics.app; sourceTree = BUILT_PRODUCTS_DIR; };
		1B7483D4253E68D600B37F26 /* ClassicsApp.swift */ = {isa = PBXFileReference; lastKnownFileType = sourcecode.swift; path = ClassicsApp.swift; sourceTree = "<group>"; };
		1B7483D6253E68D600B37F26 /* ContentView.swift */ = {isa = PBXFileReference; lastKnownFileType = sourcecode.swift; path = ContentView.swift; sourceTree = "<group>"; };
		1B7483D8253E68DA00B37F26 /* Assets.xcassets */ = {isa = PBXFileReference; lastKnownFileType = folder.assetcatalog; path = Assets.xcassets; sourceTree = "<group>"; };
		1B7483DB253E68DA00B37F26 /* Preview Assets.xcassets */ = {isa = PBXFileReference; lastKnownFileType = folder.assetcatalog; path = "Preview Assets.xcassets"; sourceTree = "<group>"; };
		1B7483DD253E68DA00B37F26 /* Info.plist */ = {isa = PBXFileReference; lastKnownFileType = text.plist.xml; path = Info.plist; sourceTree = "<group>"; };
		1B7483E2253E68DA00B37F26 /* ClassicsTests.xctest */ = {isa = PBXFileReference; explicitFileType = wrapper.cfbundle; includeInIndex = 0; path = ClassicsTests.xctest; sourceTree = BUILT_PRODUCTS_DIR; };
		1B7483E6253E68DA00B37F26 /* ClassicsTests.swift */ = {isa = PBXFileReference; lastKnownFileType = sourcecode.swift; path = ClassicsTests.swift; sourceTree = "<group>"; };
		1B7483E8253E68DA00B37F26 /* Info.plist */ = {isa = PBXFileReference; lastKnownFileType = text.plist.xml; path = Info.plist; sourceTree = "<group>"; };
		1B7483ED253E68DA00B37F26 /* ClassicsUITests.xctest */ = {isa = PBXFileReference; explicitFileType = wrapper.cfbundle; includeInIndex = 0; path = ClassicsUITests.xctest; sourceTree = BUILT_PRODUCTS_DIR; };
		1B7483F1253E68DA00B37F26 /* ClassicsUITests.swift */ = {isa = PBXFileReference; lastKnownFileType = sourcecode.swift; path = ClassicsUITests.swift; sourceTree = "<group>"; };
		1B7483F3253E68DA00B37F26 /* Info.plist */ = {isa = PBXFileReference; lastKnownFileType = text.plist.xml; path = Info.plist; sourceTree = "<group>"; };
		1B7484D4253E6DCB00B37F26 /* the-trial.jpg */ = {isa = PBXFileReference; lastKnownFileType = image.jpeg; path = "the-trial.jpg"; sourceTree = "<group>"; };
		1B7484D5253E6DCB00B37F26 /* season-of-migration-to-the-north.jpg */ = {isa = PBXFileReference; lastKnownFileType = image.jpeg; path = "season-of-migration-to-the-north.jpg"; sourceTree = "<group>"; };
		1B7484D6253E6DCB00B37F26 /* ficciones.jpg */ = {isa = PBXFileReference; lastKnownFileType = image.jpeg; path = ficciones.jpg; sourceTree = "<group>"; };
		1B7484D7253E6DCB00B37F26 /* the-castle.jpg */ = {isa = PBXFileReference; lastKnownFileType = image.jpeg; path = "the-castle.jpg"; sourceTree = "<group>"; };
		1B7484D8253E6DCB00B37F26 /* the-recognition-of-shakuntala.jpg */ = {isa = PBXFileReference; lastKnownFileType = image.jpeg; path = "the-recognition-of-shakuntala.jpg"; sourceTree = "<group>"; };
		1B7484D9253E6DCB00B37F26 /* nineteen-eighty-four.jpg */ = {isa = PBXFileReference; lastKnownFileType = image.jpeg; path = "nineteen-eighty-four.jpg"; sourceTree = "<group>"; };
		1B7484DA253E6DCB00B37F26 /* the-metamorphoses-of-ovid.jpg */ = {isa = PBXFileReference; lastKnownFileType = image.jpeg; path = "the-metamorphoses-of-ovid.jpg"; sourceTree = "<group>"; };
		1B7484DB253E6DCB00B37F26 /* the-possessed.jpg */ = {isa = PBXFileReference; lastKnownFileType = image.jpeg; path = "the-possessed.jpg"; sourceTree = "<group>"; };
		1B7484DC253E6DCB00B37F26 /* the-book-of-job.jpg */ = {isa = PBXFileReference; lastKnownFileType = image.jpeg; path = "the-book-of-job.jpg"; sourceTree = "<group>"; };
		1B7484DD253E6DCB00B37F26 /* njals-saga.jpg */ = {isa = PBXFileReference; lastKnownFileType = image.jpeg; path = "njals-saga.jpg"; sourceTree = "<group>"; };
		1B7484DE253E6DCB00B37F26 /* diary-of-a-madman.jpg */ = {isa = PBXFileReference; lastKnownFileType = image.jpeg; path = "diary-of-a-madman.jpg"; sourceTree = "<group>"; };
		1B7484DF253E6DCB00B37F26 /* pride-and-prejudice.jpg */ = {isa = PBXFileReference; lastKnownFileType = image.jpeg; path = "pride-and-prejudice.jpg"; sourceTree = "<group>"; };
		1B7484E0253E6DCB00B37F26 /* the-idiot.jpg */ = {isa = PBXFileReference; lastKnownFileType = image.jpeg; path = "the-idiot.jpg"; sourceTree = "<group>"; };
		1B7484E1253E6DCB00B37F26 /* voyage-au-bout-de-la-nuit.jpg */ = {isa = PBXFileReference; lastKnownFileType = image.jpeg; path = "voyage-au-bout-de-la-nuit.jpg"; sourceTree = "<group>"; };
		1B7484E2253E6DCB00B37F26 /* ramayana.jpg */ = {isa = PBXFileReference; lastKnownFileType = image.jpeg; path = ramayana.jpg; sourceTree = "<group>"; };
		1B7484E3253E6DCB00B37F26 /* anna-karenina.jpg */ = {isa = PBXFileReference; lastKnownFileType = image.jpeg; path = "anna-karenina.jpg"; sourceTree = "<group>"; };
		1B7484E4253E6DCB00B37F26 /* the-mahab-harata.jpg */ = {isa = PBXFileReference; lastKnownFileType = image.jpeg; path = "the-mahab-harata.jpg"; sourceTree = "<group>"; };
		1B7484E5253E6DCB00B37F26 /* othello.jpg */ = {isa = PBXFileReference; lastKnownFileType = image.jpeg; path = othello.jpg; sourceTree = "<group>"; };
		1B7484E6253E6DCB00B37F26 /* children-of-gebelawi.jpg */ = {isa = PBXFileReference; lastKnownFileType = image.jpeg; path = "children-of-gebelawi.jpg"; sourceTree = "<group>"; };
		1B7484E7253E6DCB00B37F26 /* independent-people.jpg */ = {isa = PBXFileReference; lastKnownFileType = image.jpeg; path = "independent-people.jpg"; sourceTree = "<group>"; };
		1B7484E8253E6DCB00B37F26 /* things-fall-apart.jpg */ = {isa = PBXFileReference; lastKnownFileType = image.jpeg; path = "things-fall-apart.jpg"; sourceTree = "<group>"; };
		1B7484E9253E6DCB00B37F26 /* the-odyssey-of-homer.jpg */ = {isa = PBXFileReference; lastKnownFileType = image.jpeg; path = "the-odyssey-of-homer.jpg"; sourceTree = "<group>"; };
		1B7484EA253E6DCB00B37F26 /* a-la-recherche-du-temps-perdu.jpg */ = {isa = PBXFileReference; lastKnownFileType = image.jpeg; path = "a-la-recherche-du-temps-perdu.jpg"; sourceTree = "<group>"; };
		1B7484EB253E6DCB00B37F26 /* madame-bovary.jpg */ = {isa = PBXFileReference; lastKnownFileType = image.jpeg; path = "madame-bovary.jpg"; sourceTree = "<group>"; };
		1B7484EC253E6DCB00B37F26 /* the-death-of-ivan-ilyich.jpg */ = {isa = PBXFileReference; lastKnownFileType = image.jpeg; path = "the-death-of-ivan-ilyich.jpg"; sourceTree = "<group>"; };
		1B7484ED253E6DCB00B37F26 /* poems-giacomo-leopardi.jpg */ = {isa = PBXFileReference; lastKnownFileType = image.jpeg; path = "poems-giacomo-leopardi.jpg"; sourceTree = "<group>"; };
		1B7484EE253E6DCB00B37F26 /* gargantua-and-pantagruel.jpg */ = {isa = PBXFileReference; lastKnownFileType = image.jpeg; path = "gargantua-and-pantagruel.jpg"; sourceTree = "<group>"; };
		1B7484EF253E6DCB00B37F26 /* ulysses.jpg */ = {isa = PBXFileReference; lastKnownFileType = image.jpeg; path = ulysses.jpg; sourceTree = "<group>"; };
		1B7484F0253E6DCB00B37F26 /* midnights-children.jpg */ = {isa = PBXFileReference; lastKnownFileType = image.jpeg; path = "midnights-children.jpg"; sourceTree = "<group>"; };
		1B7484F1253E6DCB00B37F26 /* the-tale-of-genji.jpg */ = {isa = PBXFileReference; lastKnownFileType = image.jpeg; path = "the-tale-of-genji.jpg"; sourceTree = "<group>"; };
		1B7484F2253E6DCB00B37F26 /* l-etranger.jpg */ = {isa = PBXFileReference; lastKnownFileType = image.jpeg; path = "l-etranger.jpg"; sourceTree = "<group>"; };
		1B7484F3253E6DCB00B37F26 /* leaves-of-grass.jpg */ = {isa = PBXFileReference; lastKnownFileType = image.jpeg; path = "leaves-of-grass.jpg"; sourceTree = "<group>"; };
		1B7484F4253E6DCB00B37F26 /* the-canterbury-tales.jpg */ = {isa = PBXFileReference; lastKnownFileType = image.jpeg; path = "the-canterbury-tales.jpg"; sourceTree = "<group>"; };
		1B7484F5253E6DCB00B37F26 /* oedipus-the-king.jpg */ = {isa = PBXFileReference; lastKnownFileType = image.jpeg; path = "oedipus-the-king.jpg"; sourceTree = "<group>"; };
		1B7484F6253E6DCB00B37F26 /* bostan.jpg */ = {isa = PBXFileReference; lastKnownFileType = image.jpeg; path = bostan.jpg; sourceTree = "<group>"; };
		1B7484F7253E6DCB00B37F26 /* the-adventures-of-huckleberry-finn.jpg */ = {isa = PBXFileReference; lastKnownFileType = image.jpeg; path = "the-adventures-of-huckleberry-finn.jpg"; sourceTree = "<group>"; };
		1B7484F8253E6DCB00B37F26 /* le-pere-goriot.jpg */ = {isa = PBXFileReference; lastKnownFileType = image.jpeg; path = "le-pere-goriot.jpg"; sourceTree = "<group>"; };
		1B7484F9253E6DCB00B37F26 /* a-Dolls-house.jpg */ = {isa = PBXFileReference; lastKnownFileType = image.jpeg; path = "a-Dolls-house.jpg"; sourceTree = "<group>"; };
		1B7484FA253E6DCB00B37F26 /* beloved.jpg */ = {isa = PBXFileReference; lastKnownFileType = image.jpeg; path = beloved.jpg; sourceTree = "<group>"; };
		1B7484FB253E6DCB00B37F26 /* war-and-peace.jpg */ = {isa = PBXFileReference; lastKnownFileType = image.jpeg; path = "war-and-peace.jpg"; sourceTree = "<group>"; };
		1B7484FC253E6DCB00B37F26 /* absalom-absalom.jpg */ = {isa = PBXFileReference; lastKnownFileType = image.jpeg; path = "absalom-absalom.jpg"; sourceTree = "<group>"; };
		1B7484FD253E6DCB00B37F26 /* sons-and-lovers.jpg */ = {isa = PBXFileReference; lastKnownFileType = image.jpeg; path = "sons-and-lovers.jpg"; sourceTree = "<group>"; };
		1B7484FE253E6DCB00B37F26 /* stories-of-anton-chekhov.jpg */ = {isa = PBXFileReference; lastKnownFileType = image.jpeg; path = "stories-of-anton-chekhov.jpg"; sourceTree = "<group>"; };
		1B7484FF253E6DCB00B37F26 /* one-hundred-years-of-solitude.jpg */ = {isa = PBXFileReference; lastKnownFileType = image.jpeg; path = "one-hundred-years-of-solitude.jpg"; sourceTree = "<group>"; };
		1B748500253E6DCB00B37F26 /* the-iliad-of-homer.jpg */ = {isa = PBXFileReference; lastKnownFileType = image.jpeg; path = "the-iliad-of-homer.jpg"; sourceTree = "<group>"; };
		1B748501253E6DCB00B37F26 /* berlin-alexanderplatz.jpg */ = {isa = PBXFileReference; lastKnownFileType = image.jpeg; path = "berlin-alexanderplatz.jpg"; sourceTree = "<group>"; };
		1B748502253E6DCB00B37F26 /* the-man-without-qualities.jpg */ = {isa = PBXFileReference; lastKnownFileType = image.jpeg; path = "the-man-without-qualities.jpg"; sourceTree = "<group>"; };
		1B748503253E6DCB00B37F26 /* stories-of-franz-kafka.jpg */ = {isa = PBXFileReference; lastKnownFileType = image.jpeg; path = "stories-of-franz-kafka.jpg"; sourceTree = "<group>"; };
		1B748504253E6DCB00B37F26 /* the-life-and-opinions-of-tristram-shandy.jpg */ = {isa = PBXFileReference; lastKnownFileType = image.jpeg; path = "the-life-and-opinions-of-tristram-shandy.jpg"; sourceTree = "<group>"; };
		1B748505253E6DCB00B37F26 /* memoirs-of-hadrian.jpg */ = {isa = PBXFileReference; lastKnownFileType = image.jpeg; path = "memoirs-of-hadrian.jpg"; sourceTree = "<group>"; };
		1B748506253E6DCB00B37F26 /* gullivers-travels.jpg */ = {isa = PBXFileReference; lastKnownFileType = image.jpeg; path = "gullivers-travels.jpg"; sourceTree = "<group>"; };
		1B748507253E6DCB00B37F26 /* blindness.jpg */ = {isa = PBXFileReference; lastKnownFileType = image.jpeg; path = blindness.jpg; sourceTree = "<group>"; };
		1B748508253E6DCB00B37F26 /* history.jpg */ = {isa = PBXFileReference; lastKnownFileType = image.jpeg; path = history.jpg; sourceTree = "<group>"; };
		1B748509253E6DCB00B37F26 /* the-sound-of-the-mountain.jpg */ = {isa = PBXFileReference; lastKnownFileType = image.jpeg; path = "the-sound-of-the-mountain.jpg"; sourceTree = "<group>"; };
		1B74850A253E6DCB00B37F26 /* the-golden-notebook.jpg */ = {isa = PBXFileReference; lastKnownFileType = image.jpeg; path = "the-golden-notebook.jpg"; sourceTree = "<group>"; };
		1B74850B253E6DCB00B37F26 /* the-masnavi.jpg */ = {isa = PBXFileReference; lastKnownFileType = image.jpeg; path = "the-masnavi.jpg"; sourceTree = "<group>"; };
		1B74850C253E6DCB00B37F26 /* hunger.jpg */ = {isa = PBXFileReference; lastKnownFileType = image.jpeg; path = hunger.jpg; sourceTree = "<group>"; };
		1B74850D253E6DCB00B37F26 /* l-education-sentimentale.jpg */ = {isa = PBXFileReference; lastKnownFileType = image.jpeg; path = "l-education-sentimentale.jpg"; sourceTree = "<group>"; };
		1B74850E253E6DCB00B37F26 /* essais.jpg */ = {isa = PBXFileReference; lastKnownFileType = image.jpeg; path = essais.jpg; sourceTree = "<group>"; };
		1B74850F253E6DCB00B37F26 /* zorba-the-greek.jpg */ = {isa = PBXFileReference; lastKnownFileType = image.jpeg; path = "zorba-the-greek.jpg"; sourceTree = "<group>"; };
		1B748510253E6DCB00B37F26 /* poems-paul-celan.jpg */ = {isa = PBXFileReference; lastKnownFileType = image.jpeg; path = "poems-paul-celan.jpg"; sourceTree = "<group>"; };
		1B748511253E6DCB00B37F26 /* the-devil-to-pay-in-the-backlands.jpg */ = {isa = PBXFileReference; lastKnownFileType = image.jpeg; path = "the-devil-to-pay-in-the-backlands.jpg"; sourceTree = "<group>"; };
		1B748512253E6DCB00B37F26 /* crime-and-punishment.jpg */ = {isa = PBXFileReference; lastKnownFileType = image.jpeg; path = "crime-and-punishment.jpg"; sourceTree = "<group>"; };
		1B748513253E6DCB00B37F26 /* pedro-paramo.jpg */ = {isa = PBXFileReference; lastKnownFileType = image.jpeg; path = "pedro-paramo.jpg"; sourceTree = "<group>"; };
		1B748514253E6DCB00B37F26 /* lolita.jpg */ = {isa = PBXFileReference; lastKnownFileType = image.jpeg; path = lolita.jpg; sourceTree = "<group>"; };
		1B748515253E6DCB00B37F26 /* the-tin-drum.jpg */ = {isa = PBXFileReference; lastKnownFileType = image.jpeg; path = "the-tin-drum.jpg"; sourceTree = "<group>"; };
		1B748516253E6DCB00B37F26 /* moby-dick.jpg */ = {isa = PBXFileReference; lastKnownFileType = image.jpeg; path = "moby-dick.jpg"; sourceTree = "<group>"; };
		1B748517253E6DCB00B37F26 /* great-expectations.jpg */ = {isa = PBXFileReference; lastKnownFileType = image.jpeg; path = "great-expectations.jpg"; sourceTree = "<group>"; };
		1B748518253E6DCB00B37F26 /* the-book-of-disquiet.jpg */ = {isa = PBXFileReference; lastKnownFileType = image.jpeg; path = "the-book-of-disquiet.jpg"; sourceTree = "<group>"; };
		1B748519253E6DCB00B37F26 /* middlemarch.jpg */ = {isa = PBXFileReference; lastKnownFileType = image.jpeg; path = middlemarch.jpg; sourceTree = "<group>"; };
		1B74851A253E6DCB00B37F26 /* the-magic-mountain.jpg */ = {isa = PBXFileReference; lastKnownFileType = image.jpeg; path = "the-magic-mountain.jpg"; sourceTree = "<group>"; };
		1B74851B253E6DCB00B37F26 /* to-the-lighthouse.jpg */ = {isa = PBXFileReference; lastKnownFileType = image.jpeg; path = "to-the-lighthouse.jpg"; sourceTree = "<group>"; };
		1B74851C253E6DCB00B37F26 /* the-old-man-and-the-sea.jpg */ = {isa = PBXFileReference; lastKnownFileType = image.jpeg; path = "the-old-man-and-the-sea.jpg"; sourceTree = "<group>"; };
		1B74851D253E6DCB00B37F26 /* the-sound-and-the-fury.jpg */ = {isa = PBXFileReference; lastKnownFileType = image.jpeg; path = "the-sound-and-the-fury.jpg"; sourceTree = "<group>"; };
		1B74851E253E6DCB00B37F26 /* nostromo.jpg */ = {isa = PBXFileReference; lastKnownFileType = image.jpeg; path = nostromo.jpg; sourceTree = "<group>"; };
		1B74851F253E6DCB00B37F26 /* hamlet.jpg */ = {isa = PBXFileReference; lastKnownFileType = image.jpeg; path = hamlet.jpg; sourceTree = "<group>"; };
		1B748520253E6DCB00B37F26 /* pippi-longstocking.jpg */ = {isa = PBXFileReference; lastKnownFileType = image.jpeg; path = "pippi-longstocking.jpg"; sourceTree = "<group>"; };
		1B748521253E6DCB00B37F26 /* fairy-tales.jpg */ = {isa = PBXFileReference; lastKnownFileType = image.jpeg; path = "fairy-tales.jpg"; sourceTree = "<group>"; };
		1B748522253E6DCB00B37F26 /* jacques-the-fatalist.jpg */ = {isa = PBXFileReference; lastKnownFileType = image.jpeg; path = "jacques-the-fatalist.jpg"; sourceTree = "<group>"; };
		1B748523253E6DCB00B37F26 /* gypsy-ballads.jpg */ = {isa = PBXFileReference; lastKnownFileType = image.jpeg; path = "gypsy-ballads.jpg"; sourceTree = "<group>"; };
		1B748524253E6DCB00B37F26 /* dead-souls.jpg */ = {isa = PBXFileReference; lastKnownFileType = image.jpeg; path = "dead-souls.jpg"; sourceTree = "<group>"; };
		1B748525253E6DCB00B37F26 /* buddenbrooks.jpg */ = {isa = PBXFileReference; lastKnownFileType = image.jpeg; path = buddenbrooks.jpg; sourceTree = "<group>"; };
		1B748526253E6DCB00B37F26 /* medea.jpg */ = {isa = PBXFileReference; lastKnownFileType = image.jpeg; path = medea.jpg; sourceTree = "<group>"; };
		1B748527253E6DCB00B37F26 /* love-in-the-time-of-cholera.jpg */ = {isa = PBXFileReference; lastKnownFileType = image.jpeg; path = "love-in-the-time-of-cholera.jpg"; sourceTree = "<group>"; };
		1B748528253E6DCB00B37F26 /* the-divine-comedy.jpg */ = {isa = PBXFileReference; lastKnownFileType = image.jpeg; path = "the-divine-comedy.jpg"; sourceTree = "<group>"; };
		1B748529253E6DCB00B37F26 /* the-epic-of-gilgamesh.jpg */ = {isa = PBXFileReference; lastKnownFileType = image.jpeg; path = "the-epic-of-gilgamesh.jpg"; sourceTree = "<group>"; };
		1B74852A253E6DCB00B37F26 /* king-lear.jpg */ = {isa = PBXFileReference; lastKnownFileType = image.jpeg; path = "king-lear.jpg"; sourceTree = "<group>"; };
		1B74852B253E6DCB00B37F26 /* the-decameron.jpg */ = {isa = PBXFileReference; lastKnownFileType = image.jpeg; path = "the-decameron.jpg"; sourceTree = "<group>"; };
		1B74852C253E6DCB00B37F26 /* le-rouge-et-le-noir.jpg */ = {isa = PBXFileReference; lastKnownFileType = image.jpeg; path = "le-rouge-et-le-noir.jpg"; sourceTree = "<group>"; };
		1B74852D253E6DCB00B37F26 /* mrs-dalloway.jpg */ = {isa = PBXFileReference; lastKnownFileType = image.jpeg; path = "mrs-dalloway.jpg"; sourceTree = "<group>"; };
		1B74852E253E6DCB00B37F26 /* tales-and-poems-of-edgar-allan-poe.jpg */ = {isa = PBXFileReference; lastKnownFileType = image.jpeg; path = "tales-and-poems-of-edgar-allan-poe.jpg"; sourceTree = "<group>"; };
		1B74852F253E6DCB00B37F26 /* invisible-man.jpg */ = {isa = PBXFileReference; lastKnownFileType = image.jpeg; path = "invisible-man.jpg"; sourceTree = "<group>"; };
		1B748530253E6DCB00B37F26 /* don-quijote-de-la-mancha.jpg */ = {isa = PBXFileReference; lastKnownFileType = image.jpeg; path = "don-quijote-de-la-mancha.jpg"; sourceTree = "<group>"; };
		1B748531253E6DCB00B37F26 /* faust.jpg */ = {isa = PBXFileReference; lastKnownFileType = image.jpeg; path = faust.jpg; sourceTree = "<group>"; };
		1B748532253E6DCB00B37F26 /* the-aeneid.jpg */ = {isa = PBXFileReference; lastKnownFileType = image.jpeg; path = "the-aeneid.jpg"; sourceTree = "<group>"; };
		1B748533253E6DCB00B37F26 /* molloy-malone-dies-the-unnamable.jpg */ = {isa = PBXFileReference; lastKnownFileType = image.jpeg; path = "molloy-malone-dies-the-unnamable.jpg"; sourceTree = "<group>"; };
		1B748534253E6DCB00B37F26 /* one-thousand-and-one-nights.jpg */ = {isa = PBXFileReference; lastKnownFileType = image.jpeg; path = "one-thousand-and-one-nights.jpg"; sourceTree = "<group>"; };
		1B748535253E6DCB00B37F26 /* wuthering-heights.jpg */ = {isa = PBXFileReference; lastKnownFileType = image.jpeg; path = "wuthering-heights.jpg"; sourceTree = "<group>"; };
		1B748536253E6DCB00B37F26 /* the-brothers-karamazov.jpg */ = {isa = PBXFileReference; lastKnownFileType = image.jpeg; path = "the-brothers-karamazov.jpg"; sourceTree = "<group>"; };
		1B748537253E6DCB00B37F26 /* confessions-of-zeno.jpg */ = {isa = PBXFileReference; lastKnownFileType = image.jpeg; path = "confessions-of-zeno.jpg"; sourceTree = "<group>"; };
		1B748539253E6DCB00B37F26 /* books.json */ = {isa = PBXFileReference; lastKnownFileType = text.json; path = books.json; sourceTree = "<group>"; };
		1B74853B253E90A500B37F26 /* ClassicsModel.swift */ = {isa = PBXFileReference; lastKnownFileType = sourcecode.swift; name = ClassicsModel.swift; path = /Users/albertkornas/cmpsc475/Classics/Classics/ClassicsModel.swift; sourceTree = "<absolute>"; };
/* End PBXFileReference section */

/* Begin PBXFrameworksBuildPhase section */
		1B7483CE253E68D600B37F26 /* Frameworks */ = {
			isa = PBXFrameworksBuildPhase;
			buildActionMask = 2147483647;
			files = (
			);
			runOnlyForDeploymentPostprocessing = 0;
		};
		1B7483DF253E68DA00B37F26 /* Frameworks */ = {
			isa = PBXFrameworksBuildPhase;
			buildActionMask = 2147483647;
			files = (
			);
			runOnlyForDeploymentPostprocessing = 0;
		};
		1B7483EA253E68DA00B37F26 /* Frameworks */ = {
			isa = PBXFrameworksBuildPhase;
			buildActionMask = 2147483647;
			files = (
			);
			runOnlyForDeploymentPostprocessing = 0;
		};
/* End PBXFrameworksBuildPhase section */

/* Begin PBXGroup section */
		1B7483C8253E68D600B37F26 = {
			isa = PBXGroup;
			children = (
				1B7483D3253E68D600B37F26 /* Classics */,
				1B7483E5253E68DA00B37F26 /* ClassicsTests */,
				1B7483F0253E68DA00B37F26 /* ClassicsUITests */,
				1B7483D2253E68D600B37F26 /* Products */,
			);
			sourceTree = "<group>";
		};
		1B7483D2253E68D600B37F26 /* Products */ = {
			isa = PBXGroup;
			children = (
				1B7483D1253E68D600B37F26 /* Classics.app */,
				1B7483E2253E68DA00B37F26 /* ClassicsTests.xctest */,
				1B7483ED253E68DA00B37F26 /* ClassicsUITests.xctest */,
			);
			name = Products;
			sourceTree = "<group>";
		};
		1B7483D3253E68D600B37F26 /* Classics */ = {
			isa = PBXGroup;
			children = (
				1B748543253E90AE00B37F26 /* Other */,
				1B748545253E90CF00B37F26 /* Views */,
				1B748544253E90C700B37F26 /* Models */,
				1B7483D4253E68D600B37F26 /* ClassicsApp.swift */,
				1B7483D8253E68DA00B37F26 /* Assets.xcassets */,
				1B7483DD253E68DA00B37F26 /* Info.plist */,
				1B7483DA253E68DA00B37F26 /* Preview Content */,
			);
			path = Classics;
			sourceTree = "<group>";
		};
		1B7483DA253E68DA00B37F26 /* Preview Content */ = {
			isa = PBXGroup;
			children = (
				1B7483DB253E68DA00B37F26 /* Preview Assets.xcassets */,
			);
			path = "Preview Content";
			sourceTree = "<group>";
		};
		1B7483E5253E68DA00B37F26 /* ClassicsTests */ = {
			isa = PBXGroup;
			children = (
				1B7483E6253E68DA00B37F26 /* ClassicsTests.swift */,
				1B7483E8253E68DA00B37F26 /* Info.plist */,
			);
			path = ClassicsTests;
			sourceTree = "<group>";
		};
		1B7483F0253E68DA00B37F26 /* ClassicsUITests */ = {
			isa = PBXGroup;
			children = (
				1B7483F1253E68DA00B37F26 /* ClassicsUITests.swift */,
				1B7483F3253E68DA00B37F26 /* Info.plist */,
			);
			path = ClassicsUITests;
			sourceTree = "<group>";
		};
		1B748538253E6DCB00B37F26 /* images */ = {
			isa = PBXGroup;
			children = (
				1B7484D4253E6DCB00B37F26 /* the-trial.jpg */,
				1B7484D5253E6DCB00B37F26 /* season-of-migration-to-the-north.jpg */,
				1B7484D6253E6DCB00B37F26 /* ficciones.jpg */,
				1B7484D7253E6DCB00B37F26 /* the-castle.jpg */,
				1B7484D8253E6DCB00B37F26 /* the-recognition-of-shakuntala.jpg */,
				1B7484D9253E6DCB00B37F26 /* nineteen-eighty-four.jpg */,
				1B7484DA253E6DCB00B37F26 /* the-metamorphoses-of-ovid.jpg */,
				1B7484DB253E6DCB00B37F26 /* the-possessed.jpg */,
				1B7484DC253E6DCB00B37F26 /* the-book-of-job.jpg */,
				1B7484DD253E6DCB00B37F26 /* njals-saga.jpg */,
				1B7484DE253E6DCB00B37F26 /* diary-of-a-madman.jpg */,
				1B7484DF253E6DCB00B37F26 /* pride-and-prejudice.jpg */,
				1B7484E0253E6DCB00B37F26 /* the-idiot.jpg */,
				1B7484E1253E6DCB00B37F26 /* voyage-au-bout-de-la-nuit.jpg */,
				1B7484E2253E6DCB00B37F26 /* ramayana.jpg */,
				1B7484E3253E6DCB00B37F26 /* anna-karenina.jpg */,
				1B7484E4253E6DCB00B37F26 /* the-mahab-harata.jpg */,
				1B7484E5253E6DCB00B37F26 /* othello.jpg */,
				1B7484E6253E6DCB00B37F26 /* children-of-gebelawi.jpg */,
				1B7484E7253E6DCB00B37F26 /* independent-people.jpg */,
				1B7484E8253E6DCB00B37F26 /* things-fall-apart.jpg */,
				1B7484E9253E6DCB00B37F26 /* the-odyssey-of-homer.jpg */,
				1B7484EA253E6DCB00B37F26 /* a-la-recherche-du-temps-perdu.jpg */,
				1B7484EB253E6DCB00B37F26 /* madame-bovary.jpg */,
				1B7484EC253E6DCB00B37F26 /* the-death-of-ivan-ilyich.jpg */,
				1B7484ED253E6DCB00B37F26 /* poems-giacomo-leopardi.jpg */,
				1B7484EE253E6DCB00B37F26 /* gargantua-and-pantagruel.jpg */,
				1B7484EF253E6DCB00B37F26 /* ulysses.jpg */,
				1B7484F0253E6DCB00B37F26 /* midnights-children.jpg */,
				1B7484F1253E6DCB00B37F26 /* the-tale-of-genji.jpg */,
				1B7484F2253E6DCB00B37F26 /* l-etranger.jpg */,
				1B7484F3253E6DCB00B37F26 /* leaves-of-grass.jpg */,
				1B7484F4253E6DCB00B37F26 /* the-canterbury-tales.jpg */,
				1B7484F5253E6DCB00B37F26 /* oedipus-the-king.jpg */,
				1B7484F6253E6DCB00B37F26 /* bostan.jpg */,
				1B7484F7253E6DCB00B37F26 /* the-adventures-of-huckleberry-finn.jpg */,
				1B7484F8253E6DCB00B37F26 /* le-pere-goriot.jpg */,
				1B7484F9253E6DCB00B37F26 /* a-Dolls-house.jpg */,
				1B7484FA253E6DCB00B37F26 /* beloved.jpg */,
				1B7484FB253E6DCB00B37F26 /* war-and-peace.jpg */,
				1B7484FC253E6DCB00B37F26 /* absalom-absalom.jpg */,
				1B7484FD253E6DCB00B37F26 /* sons-and-lovers.jpg */,
				1B7484FE253E6DCB00B37F26 /* stories-of-anton-chekhov.jpg */,
				1B7484FF253E6DCB00B37F26 /* one-hundred-years-of-solitude.jpg */,
				1B748500253E6DCB00B37F26 /* the-iliad-of-homer.jpg */,
				1B748501253E6DCB00B37F26 /* berlin-alexanderplatz.jpg */,
				1B748502253E6DCB00B37F26 /* the-man-without-qualities.jpg */,
				1B748503253E6DCB00B37F26 /* stories-of-franz-kafka.jpg */,
				1B748504253E6DCB00B37F26 /* the-life-and-opinions-of-tristram-shandy.jpg */,
				1B748505253E6DCB00B37F26 /* memoirs-of-hadrian.jpg */,
				1B748506253E6DCB00B37F26 /* gullivers-travels.jpg */,
				1B748507253E6DCB00B37F26 /* blindness.jpg */,
				1B748508253E6DCB00B37F26 /* history.jpg */,
				1B748509253E6DCB00B37F26 /* the-sound-of-the-mountain.jpg */,
				1B74850A253E6DCB00B37F26 /* the-golden-notebook.jpg */,
				1B74850B253E6DCB00B37F26 /* the-masnavi.jpg */,
				1B74850C253E6DCB00B37F26 /* hunger.jpg */,
				1B74850D253E6DCB00B37F26 /* l-education-sentimentale.jpg */,
				1B74850E253E6DCB00B37F26 /* essais.jpg */,
				1B74850F253E6DCB00B37F26 /* zorba-the-greek.jpg */,
				1B748510253E6DCB00B37F26 /* poems-paul-celan.jpg */,
				1B748511253E6DCB00B37F26 /* the-devil-to-pay-in-the-backlands.jpg */,
				1B748512253E6DCB00B37F26 /* crime-and-punishment.jpg */,
				1B748513253E6DCB00B37F26 /* pedro-paramo.jpg */,
				1B748514253E6DCB00B37F26 /* lolita.jpg */,
				1B748515253E6DCB00B37F26 /* the-tin-drum.jpg */,
				1B748516253E6DCB00B37F26 /* moby-dick.jpg */,
				1B748517253E6DCB00B37F26 /* great-expectations.jpg */,
				1B748518253E6DCB00B37F26 /* the-book-of-disquiet.jpg */,
				1B748519253E6DCB00B37F26 /* middlemarch.jpg */,
				1B74851A253E6DCB00B37F26 /* the-magic-mountain.jpg */,
				1B74851B253E6DCB00B37F26 /* to-the-lighthouse.jpg */,
				1B74851C253E6DCB00B37F26 /* the-old-man-and-the-sea.jpg */,
				1B74851D253E6DCB00B37F26 /* the-sound-and-the-fury.jpg */,
				1B74851E253E6DCB00B37F26 /* nostromo.jpg */,
				1B74851F253E6DCB00B37F26 /* hamlet.jpg */,
				1B748520253E6DCB00B37F26 /* pippi-longstocking.jpg */,
				1B748521253E6DCB00B37F26 /* fairy-tales.jpg */,
				1B748522253E6DCB00B37F26 /* jacques-the-fatalist.jpg */,
				1B748523253E6DCB00B37F26 /* gypsy-ballads.jpg */,
				1B748524253E6DCB00B37F26 /* dead-souls.jpg */,
				1B748525253E6DCB00B37F26 /* buddenbrooks.jpg */,
				1B748526253E6DCB00B37F26 /* medea.jpg */,
				1B748527253E6DCB00B37F26 /* love-in-the-time-of-cholera.jpg */,
				1B748528253E6DCB00B37F26 /* the-divine-comedy.jpg */,
				1B748529253E6DCB00B37F26 /* the-epic-of-gilgamesh.jpg */,
				1B74852A253E6DCB00B37F26 /* king-lear.jpg */,
				1B74852B253E6DCB00B37F26 /* the-decameron.jpg */,
				1B74852C253E6DCB00B37F26 /* le-rouge-et-le-noir.jpg */,
				1B74852D253E6DCB00B37F26 /* mrs-dalloway.jpg */,
				1B74852E253E6DCB00B37F26 /* tales-and-poems-of-edgar-allan-poe.jpg */,
				1B74852F253E6DCB00B37F26 /* invisible-man.jpg */,
				1B748530253E6DCB00B37F26 /* don-quijote-de-la-mancha.jpg */,
				1B748531253E6DCB00B37F26 /* faust.jpg */,
				1B748532253E6DCB00B37F26 /* the-aeneid.jpg */,
				1B748533253E6DCB00B37F26 /* molloy-malone-dies-the-unnamable.jpg */,
				1B748534253E6DCB00B37F26 /* one-thousand-and-one-nights.jpg */,
				1B748535253E6DCB00B37F26 /* wuthering-heights.jpg */,
				1B748536253E6DCB00B37F26 /* the-brothers-karamazov.jpg */,
				1B748537253E6DCB00B37F26 /* confessions-of-zeno.jpg */,
			);
			path = images;
			sourceTree = "<group>";
		};
		1B74853A253E6DCB00B37F26 /* classics-files */ = {
			isa = PBXGroup;
			children = (
				1B748538253E6DCB00B37F26 /* images */,
				1B748539253E6DCB00B37F26 /* books.json */,
			);
			name = "classics-files";
			path = "/Users/albertkornas/cmpsc475/Classics/Classics/classics-files";
			sourceTree = "<absolute>";
		};
		1B748543253E90AE00B37F26 /* Other */ = {
			isa = PBXGroup;
			children = (
				1B74853A253E6DCB00B37F26 /* classics-files */,
			);
			path = Other;
			sourceTree = "<group>";
		};
		1B748544253E90C700B37F26 /* Models */ = {
			isa = PBXGroup;
			children = (
				1B74853B253E90A500B37F26 /* ClassicsModel.swift */,
			);
			path = Models;
			sourceTree = "<group>";
		};
		1B748545253E90CF00B37F26 /* Views */ = {
			isa = PBXGroup;
			children = (
				1B7483D6253E68D600B37F26 /* ContentView.swift */,
			);
			path = Views;
			sourceTree = "<group>";
		};
/* End PBXGroup section */

/* Begin PBXNativeTarget section */
		1B7483D0253E68D600B37F26 /* Classics */ = {
			isa = PBXNativeTarget;
			buildConfigurationList = 1B7483F6253E68DA00B37F26 /* Build configuration list for PBXNativeTarget "Classics" */;
			buildPhases = (
				1B7483CD253E68D600B37F26 /* Sources */,
				1B7483CE253E68D600B37F26 /* Frameworks */,
				1B7483CF253E68D600B37F26 /* Resources */,
			);
			buildRules = (
			);
			dependencies = (
			);
			name = Classics;
			productName = Classics;
			productReference = 1B7483D1253E68D600B37F26 /* Classics.app */;
			productType = "com.apple.product-type.application";
		};
		1B7483E1253E68DA00B37F26 /* ClassicsTests */ = {
			isa = PBXNativeTarget;
			buildConfigurationList = 1B7483F9253E68DA00B37F26 /* Build configuration list for PBXNativeTarget "ClassicsTests" */;
			buildPhases = (
				1B7483DE253E68DA00B37F26 /* Sources */,
				1B7483DF253E68DA00B37F26 /* Frameworks */,
				1B7483E0253E68DA00B37F26 /* Resources */,
			);
			buildRules = (
			);
			dependencies = (
				1B7483E4253E68DA00B37F26 /* PBXTargetDependency */,
			);
			name = ClassicsTests;
			productName = ClassicsTests;
			productReference = 1B7483E2253E68DA00B37F26 /* ClassicsTests.xctest */;
			productType = "com.apple.product-type.bundle.unit-test";
		};
		1B7483EC253E68DA00B37F26 /* ClassicsUITests */ = {
			isa = PBXNativeTarget;
			buildConfigurationList = 1B7483FC253E68DA00B37F26 /* Build configuration list for PBXNativeTarget "ClassicsUITests" */;
			buildPhases = (
				1B7483E9253E68DA00B37F26 /* Sources */,
				1B7483EA253E68DA00B37F26 /* Frameworks */,
				1B7483EB253E68DA00B37F26 /* Resources */,
			);
			buildRules = (
			);
			dependencies = (
				1B7483EF253E68DA00B37F26 /* PBXTargetDependency */,
			);
			name = ClassicsUITests;
			productName = ClassicsUITests;
			productReference = 1B7483ED253E68DA00B37F26 /* ClassicsUITests.xctest */;
			productType = "com.apple.product-type.bundle.ui-testing";
		};
/* End PBXNativeTarget section */

/* Begin PBXProject section */
		1B7483C9253E68D600B37F26 /* Project object */ = {
			isa = PBXProject;
			attributes = {
				LastSwiftUpdateCheck = 1200;
				LastUpgradeCheck = 1200;
				TargetAttributes = {
					1B7483D0253E68D600B37F26 = {
						CreatedOnToolsVersion = 12.0.1;
					};
					1B7483E1253E68DA00B37F26 = {
						CreatedOnToolsVersion = 12.0.1;
						TestTargetID = 1B7483D0253E68D600B37F26;
					};
					1B7483EC253E68DA00B37F26 = {
						CreatedOnToolsVersion = 12.0.1;
						TestTargetID = 1B7483D0253E68D600B37F26;
					};
				};
			};
			buildConfigurationList = 1B7483CC253E68D600B37F26 /* Build configuration list for PBXProject "Classics" */;
			compatibilityVersion = "Xcode 9.3";
			developmentRegion = en;
			hasScannedForEncodings = 0;
			knownRegions = (
				en,
				Base,
			);
			mainGroup = 1B7483C8253E68D600B37F26;
			productRefGroup = 1B7483D2253E68D600B37F26 /* Products */;
			projectDirPath = "";
			projectRoot = "";
			targets = (
				1B7483D0253E68D600B37F26 /* Classics */,
				1B7483E1253E68DA00B37F26 /* ClassicsTests */,
				1B7483EC253E68DA00B37F26 /* ClassicsUITests */,
			);
		};
/* End PBXProject section */

/* Begin PBXResourcesBuildPhase section */
		1B7483CF253E68D600B37F26 /* Resources */ = {
			isa = PBXResourcesBuildPhase;
			buildActionMask = 2147483647;
			files = (
				1B7483DC253E68DA00B37F26 /* Preview Assets.xcassets in Resources */,
				1B7483D9253E68DA00B37F26 /* Assets.xcassets in Resources */,
			);
			runOnlyForDeploymentPostprocessing = 0;
		};
		1B7483E0253E68DA00B37F26 /* Resources */ = {
			isa = PBXResourcesBuildPhase;
			buildActionMask = 2147483647;
			files = (
			);
			runOnlyForDeploymentPostprocessing = 0;
		};
		1B7483EB253E68DA00B37F26 /* Resources */ = {
			isa = PBXResourcesBuildPhase;
			buildActionMask = 2147483647;
			files = (
			);
			runOnlyForDeploymentPostprocessing = 0;
		};
/* End PBXResourcesBuildPhase section */

/* Begin PBXSourcesBuildPhase section */
		1B7483CD253E68D600B37F26 /* Sources */ = {
			isa = PBXSourcesBuildPhase;
			buildActionMask = 2147483647;
			files = (
				1B7483D7253E68D600B37F26 /* ContentView.swift in Sources */,
				1B7483D5253E68D600B37F26 /* ClassicsApp.swift in Sources */,
				1B74853C253E90A500B37F26 /* ClassicsModel.swift in Sources */,
			);
			runOnlyForDeploymentPostprocessing = 0;
		};
		1B7483DE253E68DA00B37F26 /* Sources */ = {
			isa = PBXSourcesBuildPhase;
			buildActionMask = 2147483647;
			files = (
				1B7483E7253E68DA00B37F26 /* ClassicsTests.swift in Sources */,
			);
			runOnlyForDeploymentPostprocessing = 0;
		};
		1B7483E9253E68DA00B37F26 /* Sources */ = {
			isa = PBXSourcesBuildPhase;
			buildActionMask = 2147483647;
			files = (
				1B7483F2253E68DA00B37F26 /* ClassicsUITests.swift in Sources */,
			);
			runOnlyForDeploymentPostprocessing = 0;
		};
/* End PBXSourcesBuildPhase section */

/* Begin PBXTargetDependency section */
		1B7483E4253E68DA00B37F26 /* PBXTargetDependency */ = {
			isa = PBXTargetDependency;
			target = 1B7483D0253E68D600B37F26 /* Classics */;
			targetProxy = 1B7483E3253E68DA00B37F26 /* PBXContainerItemProxy */;
		};
		1B7483EF253E68DA00B37F26 /* PBXTargetDependency */ = {
			isa = PBXTargetDependency;
			target = 1B7483D0253E68D600B37F26 /* Classics */;
			targetProxy = 1B7483EE253E68DA00B37F26 /* PBXContainerItemProxy */;
		};
/* End PBXTargetDependency section */

/* Begin XCBuildConfiguration section */
		1B7483F4253E68DA00B37F26 /* Debug */ = {
			isa = XCBuildConfiguration;
			buildSettings = {
				ALWAYS_SEARCH_USER_PATHS = NO;
				CLANG_ANALYZER_NONNULL = YES;
				CLANG_ANALYZER_NUMBER_OBJECT_CONVERSION = YES_AGGRESSIVE;
				CLANG_CXX_LANGUAGE_STANDARD = "gnu++14";
				CLANG_CXX_LIBRARY = "libc++";
				CLANG_ENABLE_MODULES = YES;
				CLANG_ENABLE_OBJC_ARC = YES;
				CLANG_ENABLE_OBJC_WEAK = YES;
				CLANG_WARN_BLOCK_CAPTURE_AUTORELEASING = YES;
				CLANG_WARN_BOOL_CONVERSION = YES;
				CLANG_WARN_COMMA = YES;
				CLANG_WARN_CONSTANT_CONVERSION = YES;
				CLANG_WARN_DEPRECATED_OBJC_IMPLEMENTATIONS = YES;
				CLANG_WARN_DIRECT_OBJC_ISA_USAGE = YES_ERROR;
				CLANG_WARN_DOCUMENTATION_COMMENTS = YES;
				CLANG_WARN_EMPTY_BODY = YES;
				CLANG_WARN_ENUM_CONVERSION = YES;
				CLANG_WARN_INFINITE_RECURSION = YES;
				CLANG_WARN_INT_CONVERSION = YES;
				CLANG_WARN_NON_LITERAL_NULL_CONVERSION = YES;
				CLANG_WARN_OBJC_IMPLICIT_RETAIN_SELF = YES;
				CLANG_WARN_OBJC_LITERAL_CONVERSION = YES;
				CLANG_WARN_OBJC_ROOT_CLASS = YES_ERROR;
				CLANG_WARN_QUOTED_INCLUDE_IN_FRAMEWORK_HEADER = YES;
				CLANG_WARN_RANGE_LOOP_ANALYSIS = YES;
				CLANG_WARN_STRICT_PROTOTYPES = YES;
				CLANG_WARN_SUSPICIOUS_MOVE = YES;
				CLANG_WARN_UNGUARDED_AVAILABILITY = YES_AGGRESSIVE;
				CLANG_WARN_UNREACHABLE_CODE = YES;
				CLANG_WARN__DUPLICATE_METHOD_MATCH = YES;
				COPY_PHASE_STRIP = NO;
				DEBUG_INFORMATION_FORMAT = dwarf;
				ENABLE_STRICT_OBJC_MSGSEND = YES;
				ENABLE_TESTABILITY = YES;
				GCC_C_LANGUAGE_STANDARD = gnu11;
				GCC_DYNAMIC_NO_PIC = NO;
				GCC_NO_COMMON_BLOCKS = YES;
				GCC_OPTIMIZATION_LEVEL = 0;
				GCC_PREPROCESSOR_DEFINITIONS = (
					"DEBUG=1",
					"$(inherited)",
				);
				GCC_WARN_64_TO_32_BIT_CONVERSION = YES;
				GCC_WARN_ABOUT_RETURN_TYPE = YES_ERROR;
				GCC_WARN_UNDECLARED_SELECTOR = YES;
				GCC_WARN_UNINITIALIZED_AUTOS = YES_AGGRESSIVE;
				GCC_WARN_UNUSED_FUNCTION = YES;
				GCC_WARN_UNUSED_VARIABLE = YES;
				IPHONEOS_DEPLOYMENT_TARGET = 14.0;
				MTL_ENABLE_DEBUG_INFO = INCLUDE_SOURCE;
				MTL_FAST_MATH = YES;
				ONLY_ACTIVE_ARCH = YES;
				SDKROOT = iphoneos;
				SWIFT_ACTIVE_COMPILATION_CONDITIONS = DEBUG;
				SWIFT_OPTIMIZATION_LEVEL = "-Onone";
			};
			name = Debug;
		};
		1B7483F5253E68DA00B37F26 /* Release */ = {
			isa = XCBuildConfiguration;
			buildSettings = {
				ALWAYS_SEARCH_USER_PATHS = NO;
				CLANG_ANALYZER_NONNULL = YES;
				CLANG_ANALYZER_NUMBER_OBJECT_CONVERSION = YES_AGGRESSIVE;
				CLANG_CXX_LANGUAGE_STANDARD = "gnu++14";
				CLANG_CXX_LIBRARY = "libc++";
				CLANG_ENABLE_MODULES = YES;
				CLANG_ENABLE_OBJC_ARC = YES;
				CLANG_ENABLE_OBJC_WEAK = YES;
				CLANG_WARN_BLOCK_CAPTURE_AUTORELEASING = YES;
				CLANG_WARN_BOOL_CONVERSION = YES;
				CLANG_WARN_COMMA = YES;
				CLANG_WARN_CONSTANT_CONVERSION = YES;
				CLANG_WARN_DEPRECATED_OBJC_IMPLEMENTATIONS = YES;
				CLANG_WARN_DIRECT_OBJC_ISA_USAGE = YES_ERROR;
				CLANG_WARN_DOCUMENTATION_COMMENTS = YES;
				CLANG_WARN_EMPTY_BODY = YES;
				CLANG_WARN_ENUM_CONVERSION = YES;
				CLANG_WARN_INFINITE_RECURSION = YES;
				CLANG_WARN_INT_CONVERSION = YES;
				CLANG_WARN_NON_LITERAL_NULL_CONVERSION = YES;
				CLANG_WARN_OBJC_IMPLICIT_RETAIN_SELF = YES;
				CLANG_WARN_OBJC_LITERAL_CONVERSION = YES;
				CLANG_WARN_OBJC_ROOT_CLASS = YES_ERROR;
				CLANG_WARN_QUOTED_INCLUDE_IN_FRAMEWORK_HEADER = YES;
				CLANG_WARN_RANGE_LOOP_ANALYSIS = YES;
				CLANG_WARN_STRICT_PROTOTYPES = YES;
				CLANG_WARN_SUSPICIOUS_MOVE = YES;
				CLANG_WARN_UNGUARDED_AVAILABILITY = YES_AGGRESSIVE;
				CLANG_WARN_UNREACHABLE_CODE = YES;
				CLANG_WARN__DUPLICATE_METHOD_MATCH = YES;
				COPY_PHASE_STRIP = NO;
				DEBUG_INFORMATION_FORMAT = "dwarf-with-dsym";
				ENABLE_NS_ASSERTIONS = NO;
				ENABLE_STRICT_OBJC_MSGSEND = YES;
				GCC_C_LANGUAGE_STANDARD = gnu11;
				GCC_NO_COMMON_BLOCKS = YES;
				GCC_WARN_64_TO_32_BIT_CONVERSION = YES;
				GCC_WARN_ABOUT_RETURN_TYPE = YES_ERROR;
				GCC_WARN_UNDECLARED_SELECTOR = YES;
				GCC_WARN_UNINITIALIZED_AUTOS = YES_AGGRESSIVE;
				GCC_WARN_UNUSED_FUNCTION = YES;
				GCC_WARN_UNUSED_VARIABLE = YES;
				IPHONEOS_DEPLOYMENT_TARGET = 14.0;
				MTL_ENABLE_DEBUG_INFO = NO;
				MTL_FAST_MATH = YES;
				SDKROOT = iphoneos;
				SWIFT_COMPILATION_MODE = wholemodule;
				SWIFT_OPTIMIZATION_LEVEL = "-O";
				VALIDATE_PRODUCT = YES;
			};
			name = Release;
		};
		1B7483F7253E68DA00B37F26 /* Debug */ = {
			isa = XCBuildConfiguration;
			buildSettings = {
				ASSETCATALOG_COMPILER_APPICON_NAME = AppIcon;
				ASSETCATALOG_COMPILER_GLOBAL_ACCENT_COLOR_NAME = AccentColor;
				CODE_SIGN_STYLE = Automatic;
				DEVELOPMENT_ASSET_PATHS = "\"Classics/Preview Content\"";
				ENABLE_PREVIEWS = YES;
				INFOPLIST_FILE = Classics/Info.plist;
				IPHONEOS_DEPLOYMENT_TARGET = 14.0;
				LD_RUNPATH_SEARCH_PATHS = (
					"$(inherited)",
					"@executable_path/Frameworks",
				);
				PRODUCT_BUNDLE_IDENTIFIER = edu.psu.cse.auk7.Classics;
				PRODUCT_NAME = "$(TARGET_NAME)";
				SWIFT_VERSION = 5.0;
				TARGETED_DEVICE_FAMILY = "1,2";
			};
			name = Debug;
		};
		1B7483F8253E68DA00B37F26 /* Release */ = {
			isa = XCBuildConfiguration;
			buildSettings = {
				ASSETCATALOG_COMPILER_APPICON_NAME = AppIcon;
				ASSETCATALOG_COMPILER_GLOBAL_ACCENT_COLOR_NAME = AccentColor;
				CODE_SIGN_STYLE = Automatic;
				DEVELOPMENT_ASSET_PATHS = "\"Classics/Preview Content\"";
				ENABLE_PREVIEWS = YES;
				INFOPLIST_FILE = Classics/Info.plist;
				IPHONEOS_DEPLOYMENT_TARGET = 14.0;
				LD_RUNPATH_SEARCH_PATHS = (
					"$(inherited)",
					"@executable_path/Frameworks",
				);
				PRODUCT_BUNDLE_IDENTIFIER = edu.psu.cse.auk7.Classics;
				PRODUCT_NAME = "$(TARGET_NAME)";
				SWIFT_VERSION = 5.0;
				TARGETED_DEVICE_FAMILY = "1,2";
			};
			name = Release;
		};
		1B7483FA253E68DA00B37F26 /* Debug */ = {
			isa = XCBuildConfiguration;
			buildSettings = {
				ALWAYS_EMBED_SWIFT_STANDARD_LIBRARIES = YES;
				BUNDLE_LOADER = "$(TEST_HOST)";
				CODE_SIGN_STYLE = Automatic;
				INFOPLIST_FILE = ClassicsTests/Info.plist;
				IPHONEOS_DEPLOYMENT_TARGET = 14.0;
				LD_RUNPATH_SEARCH_PATHS = (
					"$(inherited)",
					"@executable_path/Frameworks",
					"@loader_path/Frameworks",
				);
				PRODUCT_BUNDLE_IDENTIFIER = edu.psu.cse.auk7.ClassicsTests;
				PRODUCT_NAME = "$(TARGET_NAME)";
				SWIFT_VERSION = 5.0;
				TARGETED_DEVICE_FAMILY = "1,2";
				TEST_HOST = "$(BUILT_PRODUCTS_DIR)/Classics.app/Classics";
			};
			name = Debug;
		};
		1B7483FB253E68DA00B37F26 /* Release */ = {
			isa = XCBuildConfiguration;
			buildSettings = {
				ALWAYS_EMBED_SWIFT_STANDARD_LIBRARIES = YES;
				BUNDLE_LOADER = "$(TEST_HOST)";
				CODE_SIGN_STYLE = Automatic;
				INFOPLIST_FILE = ClassicsTests/Info.plist;
				IPHONEOS_DEPLOYMENT_TARGET = 14.0;
				LD_RUNPATH_SEARCH_PATHS = (
					"$(inherited)",
					"@executable_path/Frameworks",
					"@loader_path/Frameworks",
				);
				PRODUCT_BUNDLE_IDENTIFIER = edu.psu.cse.auk7.ClassicsTests;
				PRODUCT_NAME = "$(TARGET_NAME)";
				SWIFT_VERSION = 5.0;
				TARGETED_DEVICE_FAMILY = "1,2";
				TEST_HOST = "$(BUILT_PRODUCTS_DIR)/Classics.app/Classics";
			};
			name = Release;
		};
		1B7483FD253E68DA00B37F26 /* Debug */ = {
			isa = XCBuildConfiguration;
			buildSettings = {
				ALWAYS_EMBED_SWIFT_STANDARD_LIBRARIES = YES;
				CODE_SIGN_STYLE = Automatic;
				INFOPLIST_FILE = ClassicsUITests/Info.plist;
				LD_RUNPATH_SEARCH_PATHS = (
					"$(inherited)",
					"@executable_path/Frameworks",
					"@loader_path/Frameworks",
				);
				PRODUCT_BUNDLE_IDENTIFIER = edu.psu.cse.auk7.ClassicsUITests;
				PRODUCT_NAME = "$(TARGET_NAME)";
				SWIFT_VERSION = 5.0;
				TARGETED_DEVICE_FAMILY = "1,2";
				TEST_TARGET_NAME = Classics;
			};
			name = Debug;
		};
		1B7483FE253E68DA00B37F26 /* Release */ = {
			isa = XCBuildConfiguration;
			buildSettings = {
				ALWAYS_EMBED_SWIFT_STANDARD_LIBRARIES = YES;
				CODE_SIGN_STYLE = Automatic;
				INFOPLIST_FILE = ClassicsUITests/Info.plist;
				LD_RUNPATH_SEARCH_PATHS = (
					"$(inherited)",
					"@executable_path/Frameworks",
					"@loader_path/Frameworks",
				);
				PRODUCT_BUNDLE_IDENTIFIER = edu.psu.cse.auk7.ClassicsUITests;
				PRODUCT_NAME = "$(TARGET_NAME)";
				SWIFT_VERSION = 5.0;
				TARGETED_DEVICE_FAMILY = "1,2";
				TEST_TARGET_NAME = Classics;
			};
			name = Release;
		};
/* End XCBuildConfiguration section */

/* Begin XCConfigurationList section */
		1B7483CC253E68D600B37F26 /* Build configuration list for PBXProject "Classics" */ = {
			isa = XCConfigurationList;
			buildConfigurations = (
				1B7483F4253E68DA00B37F26 /* Debug */,
				1B7483F5253E68DA00B37F26 /* Release */,
			);
			defaultConfigurationIsVisible = 0;
			defaultConfigurationName = Release;
		};
		1B7483F6253E68DA00B37F26 /* Build configuration list for PBXNativeTarget "Classics" */ = {
			isa = XCConfigurationList;
			buildConfigurations = (
				1B7483F7253E68DA00B37F26 /* Debug */,
				1B7483F8253E68DA00B37F26 /* Release */,
			);
			defaultConfigurationIsVisible = 0;
			defaultConfigurationName = Release;
		};
		1B7483F9253E68DA00B37F26 /* Build configuration list for PBXNativeTarget "ClassicsTests" */ = {
			isa = XCConfigurationList;
			buildConfigurations = (
				1B7483FA253E68DA00B37F26 /* Debug */,
				1B7483FB253E68DA00B37F26 /* Release */,
			);
			defaultConfigurationIsVisible = 0;
			defaultConfigurationName = Release;
		};
		1B7483FC253E68DA00B37F26 /* Build configuration list for PBXNativeTarget "ClassicsUITests" */ = {
			isa = XCConfigurationList;
			buildConfigurations = (
				1B7483FD253E68DA00B37F26 /* Debug */,
				1B7483FE253E68DA00B37F26 /* Release */,
			);
			defaultConfigurationIsVisible = 0;
			defaultConfigurationName = Release;
		};
/* End XCConfigurationList section */
	};
	rootObject = 1B7483C9253E68D600B37F26 /* Project object */;
}
