// !$*UTF8*$!
{
	archiveVersion = 1;
	classes = {
	};
	objectVersion = 50;
	objects = {

/* Begin PBXBuildFile section */
		1B28E6F7254CD5370044BE27 /* BookCoreData.xcdatamodeld in Sources */ = {isa = PBXBuildFile; fileRef = 1B28E6F5254CD5370044BE27 /* BookCoreData.xcdatamodeld */; };
		1B28E6FC254CD61C0044BE27 /* Persistence.swift in Sources */ = {isa = PBXBuildFile; fileRef = 1B28E6FB254CD61C0044BE27 /* Persistence.swift */; };
		1B28E701254DAF610044BE27 /* BookMO+CoreDataClass.swift in Sources */ = {isa = PBXBuildFile; fileRef = 1B28E700254DAF610044BE27 /* BookMO+CoreDataClass.swift */; };
		1B28E709254DAF970044BE27 /* BookMO+CoreDataProperties.swift in Sources */ = {isa = PBXBuildFile; fileRef = 1B28E708254DAF970044BE27 /* BookMO+CoreDataProperties.swift */; };
		1B7483D5253E68D600B37F26 /* ClassicsApp.swift in Sources */ = {isa = PBXBuildFile; fileRef = 1B7483D4253E68D600B37F26 /* ClassicsApp.swift */; };
		1B7483D7253E68D600B37F26 /* ContentView.swift in Sources */ = {isa = PBXBuildFile; fileRef = 1B7483D6253E68D600B37F26 /* ContentView.swift */; };
		1B7483D9253E68DA00B37F26 /* Assets.xcassets in Resources */ = {isa = PBXBuildFile; fileRef = 1B7483D8253E68DA00B37F26 /* Assets.xcassets */; };
		1B7483DC253E68DA00B37F26 /* Preview Assets.xcassets in Resources */ = {isa = PBXBuildFile; fileRef = 1B7483DB253E68DA00B37F26 /* Preview Assets.xcassets */; };
		1B7483E7253E68DA00B37F26 /* ClassicsTests.swift in Sources */ = {isa = PBXBuildFile; fileRef = 1B7483E6253E68DA00B37F26 /* ClassicsTests.swift */; };
		1B7483F2253E68DA00B37F26 /* ClassicsUITests.swift in Sources */ = {isa = PBXBuildFile; fileRef = 1B7483F1253E68DA00B37F26 /* ClassicsUITests.swift */; };
		1B74853C253E90A500B37F26 /* Book.swift in Sources */ = {isa = PBXBuildFile; fileRef = 1B74853B253E90A500B37F26 /* Book.swift */; };
		1B96935A2540B59700BB1544 /* books.json in Resources */ = {isa = PBXBuildFile; fileRef = 1B9693592540B59700BB1544 /* books.json */; };
		1B9693622540B68000BB1544 /* BookDetailView.swift in Sources */ = {isa = PBXBuildFile; fileRef = 1B9693612540B68000BB1544 /* BookDetailView.swift */; };
		1BD43160254395FE00BEFB20 /* FilterType.swift in Sources */ = {isa = PBXBuildFile; fileRef = 1BD4315F254395FE00BEFB20 /* FilterType.swift */; };
		1BE9A9B92540A8C500B6A4D1 /* ClassicModel.swift in Sources */ = {isa = PBXBuildFile; fileRef = 1BE9A9B82540A8C500B6A4D1 /* ClassicModel.swift */; };
		1BE9A9BE2540AAF700B6A4D1 /* StorageModel.swift in Sources */ = {isa = PBXBuildFile; fileRef = 1BE9A9BD2540AAF700B6A4D1 /* StorageModel.swift */; };
		1BE9A9C32540B08A00B6A4D1 /* ClassicsListView.swift in Sources */ = {isa = PBXBuildFile; fileRef = 1BE9A9C22540B08A00B6A4D1 /* ClassicsListView.swift */; };
/* End PBXBuildFile section */

/* Begin PBXContainerItemProxy section */
		1B7483E3253E68DA00B37F26 /* PBXContainerItemProxy */ = {
			isa = PBXContainerItemProxy;
			containerPortal = 1B7483C9253E68D600B37F26 /* Project object */;
			proxyType = 1;
			remoteGlobalIDString = 1B7483D0253E68D600B37F26;
			remoteInfo = Classics;
		};
		1B7483EE253E68DA00B37F26 /* PBXContainerItemProxy */ = {
			isa = PBXContainerItemProxy;
			containerPortal = 1B7483C9253E68D600B37F26 /* Project object */;
			proxyType = 1;
			remoteGlobalIDString = 1B7483D0253E68D600B37F26;
			remoteInfo = Classics;
		};
/* End PBXContainerItemProxy section */

/* Begin PBXFileReference section */
		1B28E6F6254CD5370044BE27 /* BookCoreData.xcdatamodel */ = {isa = PBXFileReference; lastKnownFileType = wrapper.xcdatamodel; path = BookCoreData.xcdatamodel; sourceTree = "<group>"; };
		1B28E6FB254CD61C0044BE27 /* Persistence.swift */ = {isa = PBXFileReference; lastKnownFileType = sourcecode.swift; path = Persistence.swift; sourceTree = "<group>"; };
		1B28E700254DAF610044BE27 /* BookMO+CoreDataClass.swift */ = {isa = PBXFileReference; lastKnownFileType = sourcecode.swift; path = "BookMO+CoreDataClass.swift"; sourceTree = "<group>"; };
		1B28E708254DAF970044BE27 /* BookMO+CoreDataProperties.swift */ = {isa = PBXFileReference; lastKnownFileType = sourcecode.swift; path = "BookMO+CoreDataProperties.swift"; sourceTree = "<group>"; };
		1B7483D1253E68D600B37F26 /* Classics.app */ = {isa = PBXFileReference; explicitFileType = wrapper.application; includeInIndex = 0; path = Classics.app; sourceTree = BUILT_PRODUCTS_DIR; };
		1B7483D4253E68D600B37F26 /* ClassicsApp.swift */ = {isa = PBXFileReference; lastKnownFileType = sourcecode.swift; path = ClassicsApp.swift; sourceTree = "<group>"; };
		1B7483D6253E68D600B37F26 /* ContentView.swift */ = {isa = PBXFileReference; lastKnownFileType = sourcecode.swift; path = ContentView.swift; sourceTree = "<group>"; };
		1B7483D8253E68DA00B37F26 /* Assets.xcassets */ = {isa = PBXFileReference; lastKnownFileType = folder.assetcatalog; path = Assets.xcassets; sourceTree = "<group>"; };
		1B7483DB253E68DA00B37F26 /* Preview Assets.xcassets */ = {isa = PBXFileReference; lastKnownFileType = folder.assetcatalog; path = "Preview Assets.xcassets"; sourceTree = "<group>"; };
		1B7483DD253E68DA00B37F26 /* Info.plist */ = {isa = PBXFileReference; lastKnownFileType = text.plist.xml; path = Info.plist; sourceTree = "<group>"; };
		1B7483E2253E68DA00B37F26 /* ClassicsTests.xctest */ = {isa = PBXFileReference; explicitFileType = wrapper.cfbundle; includeInIndex = 0; path = ClassicsTests.xctest; sourceTree = BUILT_PRODUCTS_DIR; };
		1B7483E6253E68DA00B37F26 /* ClassicsTests.swift */ = {isa = PBXFileReference; lastKnownFileType = sourcecode.swift; path = ClassicsTests.swift; sourceTree = "<group>"; };
		1B7483E8253E68DA00B37F26 /* Info.plist */ = {isa = PBXFileReference; lastKnownFileType = text.plist.xml; path = Info.plist; sourceTree = "<group>"; };
		1B7483ED253E68DA00B37F26 /* ClassicsUITests.xctest */ = {isa = PBXFileReference; explicitFileType = wrapper.cfbundle; includeInIndex = 0; path = ClassicsUITests.xctest; sourceTree = BUILT_PRODUCTS_DIR; };
		1B7483F1253E68DA00B37F26 /* ClassicsUITests.swift */ = {isa = PBXFileReference; lastKnownFileType = sourcecode.swift; path = ClassicsUITests.swift; sourceTree = "<group>"; };
		1B7483F3253E68DA00B37F26 /* Info.plist */ = {isa = PBXFileReference; lastKnownFileType = text.plist.xml; path = Info.plist; sourceTree = "<group>"; };
		1B74853B253E90A500B37F26 /* Book.swift */ = {isa = PBXFileReference; lastKnownFileType = sourcecode.swift; name = Book.swift; path = /Users/albertkornas/cmpsc475/Classics/Classics/Book.swift; sourceTree = "<absolute>"; };
		1B9693592540B59700BB1544 /* books.json */ = {isa = PBXFileReference; fileEncoding = 4; lastKnownFileType = text.json; path = books.json; sourceTree = "<group>"; };
		1B9693612540B68000BB1544 /* BookDetailView.swift */ = {isa = PBXFileReference; lastKnownFileType = sourcecode.swift; path = BookDetailView.swift; sourceTree = "<group>"; };
		1BD4315F254395FE00BEFB20 /* FilterType.swift */ = {isa = PBXFileReference; lastKnownFileType = sourcecode.swift; path = FilterType.swift; sourceTree = "<group>"; };
		1BE9A9B82540A8C500B6A4D1 /* ClassicModel.swift */ = {isa = PBXFileReference; lastKnownFileType = sourcecode.swift; path = ClassicModel.swift; sourceTree = "<group>"; };
		1BE9A9BD2540AAF700B6A4D1 /* StorageModel.swift */ = {isa = PBXFileReference; lastKnownFileType = sourcecode.swift; path = StorageModel.swift; sourceTree = "<group>"; };
		1BE9A9C22540B08A00B6A4D1 /* ClassicsListView.swift */ = {isa = PBXFileReference; lastKnownFileType = sourcecode.swift; path = ClassicsListView.swift; sourceTree = "<group>"; };
/* End PBXFileReference section */

/* Begin PBXFrameworksBuildPhase section */
		1B7483CE253E68D600B37F26 /* Frameworks */ = {
			isa = PBXFrameworksBuildPhase;
			buildActionMask = 2147483647;
			files = (
			);
			runOnlyForDeploymentPostprocessing = 0;
		};
		1B7483DF253E68DA00B37F26 /* Frameworks */ = {
			isa = PBXFrameworksBuildPhase;
			buildActionMask = 2147483647;
			files = (
			);
			runOnlyForDeploymentPostprocessing = 0;
		};
		1B7483EA253E68DA00B37F26 /* Frameworks */ = {
			isa = PBXFrameworksBuildPhase;
			buildActionMask = 2147483647;
			files = (
			);
			runOnlyForDeploymentPostprocessing = 0;
		};
/* End PBXFrameworksBuildPhase section */

/* Begin PBXGroup section */
		1B28E6F4254CD4C20044BE27 /* CoreData */ = {
			isa = PBXGroup;
			children = (
				1B28E6F5254CD5370044BE27 /* BookCoreData.xcdatamodeld */,
				1B28E700254DAF610044BE27 /* BookMO+CoreDataClass.swift */,
				1B28E708254DAF970044BE27 /* BookMO+CoreDataProperties.swift */,
				1B28E6FB254CD61C0044BE27 /* Persistence.swift */,
			);
			path = CoreData;
			sourceTree = "<group>";
		};
		1B7483C8253E68D600B37F26 = {
			isa = PBXGroup;
			children = (
				1B7483D3253E68D600B37F26 /* Classics */,
				1B7483E5253E68DA00B37F26 /* ClassicsTests */,
				1B7483F0253E68DA00B37F26 /* ClassicsUITests */,
				1B7483D2253E68D600B37F26 /* Products */,
			);
			sourceTree = "<group>";
		};
		1B7483D2253E68D600B37F26 /* Products */ = {
			isa = PBXGroup;
			children = (
				1B7483D1253E68D600B37F26 /* Classics.app */,
				1B7483E2253E68DA00B37F26 /* ClassicsTests.xctest */,
				1B7483ED253E68DA00B37F26 /* ClassicsUITests.xctest */,
			);
			name = Products;
			sourceTree = "<group>";
		};
		1B7483D3253E68D600B37F26 /* Classics */ = {
			isa = PBXGroup;
			children = (
				1B28E6F4254CD4C20044BE27 /* CoreData */,
				1B748543253E90AE00B37F26 /* Other */,
				1B748545253E90CF00B37F26 /* Views */,
				1B748544253E90C700B37F26 /* Models */,
				1B7483D4253E68D600B37F26 /* ClassicsApp.swift */,
				1B7483D8253E68DA00B37F26 /* Assets.xcassets */,
				1B748538253E6DCB00B37F26 /* images */,
				1B7483DD253E68DA00B37F26 /* Info.plist */,
				1B7483DA253E68DA00B37F26 /* Preview Content */,
			);
			path = Classics;
			sourceTree = "<group>";
		};
		1B7483DA253E68DA00B37F26 /* Preview Content */ = {
			isa = PBXGroup;
			children = (
				1B7483DB253E68DA00B37F26 /* Preview Assets.xcassets */,
			);
			path = "Preview Content";
			sourceTree = "<group>";
		};
		1B7483E5253E68DA00B37F26 /* ClassicsTests */ = {
			isa = PBXGroup;
			children = (
				1B7483E6253E68DA00B37F26 /* ClassicsTests.swift */,
				1B7483E8253E68DA00B37F26 /* Info.plist */,
			);
			path = ClassicsTests;
			sourceTree = "<group>";
		};
		1B7483F0253E68DA00B37F26 /* ClassicsUITests */ = {
			isa = PBXGroup;
			children = (
				1B7483F1253E68DA00B37F26 /* ClassicsUITests.swift */,
				1B7483F3253E68DA00B37F26 /* Info.plist */,
			);
			path = ClassicsUITests;
			sourceTree = "<group>";
		};
		1B748538253E6DCB00B37F26 /* images */ = {
			isa = PBXGroup;
			children = (
			);
			path = images;
			sourceTree = "<group>";
		};
		1B748543253E90AE00B37F26 /* Other */ = {
			isa = PBXGroup;
			children = (
			);
			path = Other;
			sourceTree = "<group>";
		};
		1B748544253E90C700B37F26 /* Models */ = {
			isa = PBXGroup;
			children = (
				1B9693592540B59700BB1544 /* books.json */,
				1B74853B253E90A500B37F26 /* Book.swift */,
				1BD4315F254395FE00BEFB20 /* FilterType.swift */,
				1BE9A9B82540A8C500B6A4D1 /* ClassicModel.swift */,
				1BE9A9BD2540AAF700B6A4D1 /* StorageModel.swift */,
			);
			path = Models;
			sourceTree = "<group>";
		};
		1B748545253E90CF00B37F26 /* Views */ = {
			isa = PBXGroup;
			children = (
				1B7483D6253E68D600B37F26 /* ContentView.swift */,
				1BE9A9C22540B08A00B6A4D1 /* ClassicsListView.swift */,
				1B9693612540B68000BB1544 /* BookDetailView.swift */,
			);
			path = Views;
			sourceTree = "<group>";
		};
/* End PBXGroup section */

/* Begin PBXNativeTarget section */
		1B7483D0253E68D600B37F26 /* Classics */ = {
			isa = PBXNativeTarget;
			buildConfigurationList = 1B7483F6253E68DA00B37F26 /* Build configuration list for PBXNativeTarget "Classics" */;
			buildPhases = (
				1B7483CD253E68D600B37F26 /* Sources */,
				1B7483CE253E68D600B37F26 /* Frameworks */,
				1B7483CF253E68D600B37F26 /* Resources */,
			);
			buildRules = (
			);
			dependencies = (
			);
			name = Classics;
			productName = Classics;
			productReference = 1B7483D1253E68D600B37F26 /* Classics.app */;
			productType = "com.apple.product-type.application";
		};
		1B7483E1253E68DA00B37F26 /* ClassicsTests */ = {
			isa = PBXNativeTarget;
			buildConfigurationList = 1B7483F9253E68DA00B37F26 /* Build configuration list for PBXNativeTarget "ClassicsTests" */;
			buildPhases = (
				1B7483DE253E68DA00B37F26 /* Sources */,
				1B7483DF253E68DA00B37F26 /* Frameworks */,
				1B7483E0253E68DA00B37F26 /* Resources */,
			);
			buildRules = (
			);
			dependencies = (
				1B7483E4253E68DA00B37F26 /* PBXTargetDependency */,
			);
			name = ClassicsTests;
			productName = ClassicsTests;
			productReference = 1B7483E2253E68DA00B37F26 /* ClassicsTests.xctest */;
			productType = "com.apple.product-type.bundle.unit-test";
		};
		1B7483EC253E68DA00B37F26 /* ClassicsUITests */ = {
			isa = PBXNativeTarget;
			buildConfigurationList = 1B7483FC253E68DA00B37F26 /* Build configuration list for PBXNativeTarget "ClassicsUITests" */;
			buildPhases = (
				1B7483E9253E68DA00B37F26 /* Sources */,
				1B7483EA253E68DA00B37F26 /* Frameworks */,
				1B7483EB253E68DA00B37F26 /* Resources */,
			);
			buildRules = (
			);
			dependencies = (
				1B7483EF253E68DA00B37F26 /* PBXTargetDependency */,
			);
			name = ClassicsUITests;
			productName = ClassicsUITests;
			productReference = 1B7483ED253E68DA00B37F26 /* ClassicsUITests.xctest */;
			productType = "com.apple.product-type.bundle.ui-testing";
		};
/* End PBXNativeTarget section */

/* Begin PBXProject section */
		1B7483C9253E68D600B37F26 /* Project object */ = {
			isa = PBXProject;
			attributes = {
				LastSwiftUpdateCheck = 1200;
				LastUpgradeCheck = 1200;
				TargetAttributes = {
					1B7483D0253E68D600B37F26 = {
						CreatedOnToolsVersion = 12.0.1;
					};
					1B7483E1253E68DA00B37F26 = {
						CreatedOnToolsVersion = 12.0.1;
						TestTargetID = 1B7483D0253E68D600B37F26;
					};
					1B7483EC253E68DA00B37F26 = {
						CreatedOnToolsVersion = 12.0.1;
						TestTargetID = 1B7483D0253E68D600B37F26;
					};
				};
			};
			buildConfigurationList = 1B7483CC253E68D600B37F26 /* Build configuration list for PBXProject "Classics" */;
			compatibilityVersion = "Xcode 9.3";
			developmentRegion = en;
			hasScannedForEncodings = 0;
			knownRegions = (
				en,
				Base,
			);
			mainGroup = 1B7483C8253E68D600B37F26;
			productRefGroup = 1B7483D2253E68D600B37F26 /* Products */;
			projectDirPath = "";
			projectRoot = "";
			targets = (
				1B7483D0253E68D600B37F26 /* Classics */,
				1B7483E1253E68DA00B37F26 /* ClassicsTests */,
				1B7483EC253E68DA00B37F26 /* ClassicsUITests */,
			);
		};
/* End PBXProject section */

/* Begin PBXResourcesBuildPhase section */
		1B7483CF253E68D600B37F26 /* Resources */ = {
			isa = PBXResourcesBuildPhase;
			buildActionMask = 2147483647;
			files = (
				1B96935A2540B59700BB1544 /* books.json in Resources */,
				1B7483DC253E68DA00B37F26 /* Preview Assets.xcassets in Resources */,
				1B7483D9253E68DA00B37F26 /* Assets.xcassets in Resources */,
			);
			runOnlyForDeploymentPostprocessing = 0;
		};
		1B7483E0253E68DA00B37F26 /* Resources */ = {
			isa = PBXResourcesBuildPhase;
			buildActionMask = 2147483647;
			files = (
			);
			runOnlyForDeploymentPostprocessing = 0;
		};
		1B7483EB253E68DA00B37F26 /* Resources */ = {
			isa = PBXResourcesBuildPhase;
			buildActionMask = 2147483647;
			files = (
			);
			runOnlyForDeploymentPostprocessing = 0;
		};
/* End PBXResourcesBuildPhase section */

/* Begin PBXSourcesBuildPhase section */
		1B7483CD253E68D600B37F26 /* Sources */ = {
			isa = PBXSourcesBuildPhase;
			buildActionMask = 2147483647;
			files = (
				1B28E709254DAF970044BE27 /* BookMO+CoreDataProperties.swift in Sources */,
				1BE9A9BE2540AAF700B6A4D1 /* StorageModel.swift in Sources */,
				1B28E6F7254CD5370044BE27 /* BookCoreData.xcdatamodeld in Sources */,
				1BE9A9B92540A8C500B6A4D1 /* ClassicModel.swift in Sources */,
				1B7483D7253E68D600B37F26 /* ContentView.swift in Sources */,
				1BD43160254395FE00BEFB20 /* FilterType.swift in Sources */,
				1BE9A9C32540B08A00B6A4D1 /* ClassicsListView.swift in Sources */,
				1B7483D5253E68D600B37F26 /* ClassicsApp.swift in Sources */,
				1B28E701254DAF610044BE27 /* BookMO+CoreDataClass.swift in Sources */,
				1B74853C253E90A500B37F26 /* Book.swift in Sources */,
				1B9693622540B68000BB1544 /* BookDetailView.swift in Sources */,
				1B28E6FC254CD61C0044BE27 /* Persistence.swift in Sources */,
			);
			runOnlyForDeploymentPostprocessing = 0;
		};
		1B7483DE253E68DA00B37F26 /* Sources */ = {
			isa = PBXSourcesBuildPhase;
			buildActionMask = 2147483647;
			files = (
				1B7483E7253E68DA00B37F26 /* ClassicsTests.swift in Sources */,
			);
			runOnlyForDeploymentPostprocessing = 0;
		};
		1B7483E9253E68DA00B37F26 /* Sources */ = {
			isa = PBXSourcesBuildPhase;
			buildActionMask = 2147483647;
			files = (
				1B7483F2253E68DA00B37F26 /* ClassicsUITests.swift in Sources */,
			);
			runOnlyForDeploymentPostprocessing = 0;
		};
/* End PBXSourcesBuildPhase section */

/* Begin PBXTargetDependency section */
		1B7483E4253E68DA00B37F26 /* PBXTargetDependency */ = {
			isa = PBXTargetDependency;
			target = 1B7483D0253E68D600B37F26 /* Classics */;
			targetProxy = 1B7483E3253E68DA00B37F26 /* PBXContainerItemProxy */;
		};
		1B7483EF253E68DA00B37F26 /* PBXTargetDependency */ = {
			isa = PBXTargetDependency;
			target = 1B7483D0253E68D600B37F26 /* Classics */;
			targetProxy = 1B7483EE253E68DA00B37F26 /* PBXContainerItemProxy */;
		};
/* End PBXTargetDependency section */

/* Begin XCBuildConfiguration section */
		1B7483F4253E68DA00B37F26 /* Debug */ = {
			isa = XCBuildConfiguration;
			buildSettings = {
				ALWAYS_SEARCH_USER_PATHS = NO;
				CLANG_ANALYZER_NONNULL = YES;
				CLANG_ANALYZER_NUMBER_OBJECT_CONVERSION = YES_AGGRESSIVE;
				CLANG_CXX_LANGUAGE_STANDARD = "gnu++14";
				CLANG_CXX_LIBRARY = "libc++";
				CLANG_ENABLE_MODULES = YES;
				CLANG_ENABLE_OBJC_ARC = YES;
				CLANG_ENABLE_OBJC_WEAK = YES;
				CLANG_WARN_BLOCK_CAPTURE_AUTORELEASING = YES;
				CLANG_WARN_BOOL_CONVERSION = YES;
				CLANG_WARN_COMMA = YES;
				CLANG_WARN_CONSTANT_CONVERSION = YES;
				CLANG_WARN_DEPRECATED_OBJC_IMPLEMENTATIONS = YES;
				CLANG_WARN_DIRECT_OBJC_ISA_USAGE = YES_ERROR;
				CLANG_WARN_DOCUMENTATION_COMMENTS = YES;
				CLANG_WARN_EMPTY_BODY = YES;
				CLANG_WARN_ENUM_CONVERSION = YES;
				CLANG_WARN_INFINITE_RECURSION = YES;
				CLANG_WARN_INT_CONVERSION = YES;
				CLANG_WARN_NON_LITERAL_NULL_CONVERSION = YES;
				CLANG_WARN_OBJC_IMPLICIT_RETAIN_SELF = YES;
				CLANG_WARN_OBJC_LITERAL_CONVERSION = YES;
				CLANG_WARN_OBJC_ROOT_CLASS = YES_ERROR;
				CLANG_WARN_QUOTED_INCLUDE_IN_FRAMEWORK_HEADER = YES;
				CLANG_WARN_RANGE_LOOP_ANALYSIS = YES;
				CLANG_WARN_STRICT_PROTOTYPES = YES;
				CLANG_WARN_SUSPICIOUS_MOVE = YES;
				CLANG_WARN_UNGUARDED_AVAILABILITY = YES_AGGRESSIVE;
				CLANG_WARN_UNREACHABLE_CODE = YES;
				CLANG_WARN__DUPLICATE_METHOD_MATCH = YES;
				COPY_PHASE_STRIP = NO;
				DEBUG_INFORMATION_FORMAT = dwarf;
				ENABLE_STRICT_OBJC_MSGSEND = YES;
				ENABLE_TESTABILITY = YES;
				GCC_C_LANGUAGE_STANDARD = gnu11;
				GCC_DYNAMIC_NO_PIC = NO;
				GCC_NO_COMMON_BLOCKS = YES;
				GCC_OPTIMIZATION_LEVEL = 0;
				GCC_PREPROCESSOR_DEFINITIONS = (
					"DEBUG=1",
					"$(inherited)",
				);
				GCC_WARN_64_TO_32_BIT_CONVERSION = YES;
				GCC_WARN_ABOUT_RETURN_TYPE = YES_ERROR;
				GCC_WARN_UNDECLARED_SELECTOR = YES;
				GCC_WARN_UNINITIALIZED_AUTOS = YES_AGGRESSIVE;
				GCC_WARN_UNUSED_FUNCTION = YES;
				GCC_WARN_UNUSED_VARIABLE = YES;
				IPHONEOS_DEPLOYMENT_TARGET = 14.0;
				MTL_ENABLE_DEBUG_INFO = INCLUDE_SOURCE;
				MTL_FAST_MATH = YES;
				ONLY_ACTIVE_ARCH = YES;
				SDKROOT = iphoneos;
				SWIFT_ACTIVE_COMPILATION_CONDITIONS = DEBUG;
				SWIFT_OPTIMIZATION_LEVEL = "-Onone";
			};
			name = Debug;
		};
		1B7483F5253E68DA00B37F26 /* Release */ = {
			isa = XCBuildConfiguration;
			buildSettings = {
				ALWAYS_SEARCH_USER_PATHS = NO;
				CLANG_ANALYZER_NONNULL = YES;
				CLANG_ANALYZER_NUMBER_OBJECT_CONVERSION = YES_AGGRESSIVE;
				CLANG_CXX_LANGUAGE_STANDARD = "gnu++14";
				CLANG_CXX_LIBRARY = "libc++";
				CLANG_ENABLE_MODULES = YES;
				CLANG_ENABLE_OBJC_ARC = YES;
				CLANG_ENABLE_OBJC_WEAK = YES;
				CLANG_WARN_BLOCK_CAPTURE_AUTORELEASING = YES;
				CLANG_WARN_BOOL_CONVERSION = YES;
				CLANG_WARN_COMMA = YES;
				CLANG_WARN_CONSTANT_CONVERSION = YES;
				CLANG_WARN_DEPRECATED_OBJC_IMPLEMENTATIONS = YES;
				CLANG_WARN_DIRECT_OBJC_ISA_USAGE = YES_ERROR;
				CLANG_WARN_DOCUMENTATION_COMMENTS = YES;
				CLANG_WARN_EMPTY_BODY = YES;
				CLANG_WARN_ENUM_CONVERSION = YES;
				CLANG_WARN_INFINITE_RECURSION = YES;
				CLANG_WARN_INT_CONVERSION = YES;
				CLANG_WARN_NON_LITERAL_NULL_CONVERSION = YES;
				CLANG_WARN_OBJC_IMPLICIT_RETAIN_SELF = YES;
				CLANG_WARN_OBJC_LITERAL_CONVERSION = YES;
				CLANG_WARN_OBJC_ROOT_CLASS = YES_ERROR;
				CLANG_WARN_QUOTED_INCLUDE_IN_FRAMEWORK_HEADER = YES;
				CLANG_WARN_RANGE_LOOP_ANALYSIS = YES;
				CLANG_WARN_STRICT_PROTOTYPES = YES;
				CLANG_WARN_SUSPICIOUS_MOVE = YES;
				CLANG_WARN_UNGUARDED_AVAILABILITY = YES_AGGRESSIVE;
				CLANG_WARN_UNREACHABLE_CODE = YES;
				CLANG_WARN__DUPLICATE_METHOD_MATCH = YES;
				COPY_PHASE_STRIP = NO;
				DEBUG_INFORMATION_FORMAT = "dwarf-with-dsym";
				ENABLE_NS_ASSERTIONS = NO;
				ENABLE_STRICT_OBJC_MSGSEND = YES;
				GCC_C_LANGUAGE_STANDARD = gnu11;
				GCC_NO_COMMON_BLOCKS = YES;
				GCC_WARN_64_TO_32_BIT_CONVERSION = YES;
				GCC_WARN_ABOUT_RETURN_TYPE = YES_ERROR;
				GCC_WARN_UNDECLARED_SELECTOR = YES;
				GCC_WARN_UNINITIALIZED_AUTOS = YES_AGGRESSIVE;
				GCC_WARN_UNUSED_FUNCTION = YES;
				GCC_WARN_UNUSED_VARIABLE = YES;
				IPHONEOS_DEPLOYMENT_TARGET = 14.0;
				MTL_ENABLE_DEBUG_INFO = NO;
				MTL_FAST_MATH = YES;
				SDKROOT = iphoneos;
				SWIFT_COMPILATION_MODE = wholemodule;
				SWIFT_OPTIMIZATION_LEVEL = "-O";
				VALIDATE_PRODUCT = YES;
			};
			name = Release;
		};
		1B7483F7253E68DA00B37F26 /* Debug */ = {
			isa = XCBuildConfiguration;
			buildSettings = {
				ASSETCATALOG_COMPILER_APPICON_NAME = AppIcon;
				ASSETCATALOG_COMPILER_GLOBAL_ACCENT_COLOR_NAME = AccentColor;
				CODE_SIGN_STYLE = Automatic;
				DEVELOPMENT_ASSET_PATHS = "\"Classics/Preview Content\"";
				ENABLE_PREVIEWS = YES;
				INFOPLIST_FILE = Classics/Info.plist;
				IPHONEOS_DEPLOYMENT_TARGET = 14.0;
				LD_RUNPATH_SEARCH_PATHS = (
					"$(inherited)",
					"@executable_path/Frameworks",
				);
				PRODUCT_BUNDLE_IDENTIFIER = edu.psu.cse.auk7.Classics;
				PRODUCT_NAME = "$(TARGET_NAME)";
				SWIFT_VERSION = 5.0;
				TARGETED_DEVICE_FAMILY = "1,2";
			};
			name = Debug;
		};
		1B7483F8253E68DA00B37F26 /* Release */ = {
			isa = XCBuildConfiguration;
			buildSettings = {
				ASSETCATALOG_COMPILER_APPICON_NAME = AppIcon;
				ASSETCATALOG_COMPILER_GLOBAL_ACCENT_COLOR_NAME = AccentColor;
				CODE_SIGN_STYLE = Automatic;
				DEVELOPMENT_ASSET_PATHS = "\"Classics/Preview Content\"";
				ENABLE_PREVIEWS = YES;
				INFOPLIST_FILE = Classics/Info.plist;
				IPHONEOS_DEPLOYMENT_TARGET = 14.0;
				LD_RUNPATH_SEARCH_PATHS = (
					"$(inherited)",
					"@executable_path/Frameworks",
				);
				PRODUCT_BUNDLE_IDENTIFIER = edu.psu.cse.auk7.Classics;
				PRODUCT_NAME = "$(TARGET_NAME)";
				SWIFT_VERSION = 5.0;
				TARGETED_DEVICE_FAMILY = "1,2";
			};
			name = Release;
		};
		1B7483FA253E68DA00B37F26 /* Debug */ = {
			isa = XCBuildConfiguration;
			buildSettings = {
				ALWAYS_EMBED_SWIFT_STANDARD_LIBRARIES = YES;
				BUNDLE_LOADER = "$(TEST_HOST)";
				CODE_SIGN_STYLE = Automatic;
				INFOPLIST_FILE = ClassicsTests/Info.plist;
				IPHONEOS_DEPLOYMENT_TARGET = 14.0;
				LD_RUNPATH_SEARCH_PATHS = (
					"$(inherited)",
					"@executable_path/Frameworks",
					"@loader_path/Frameworks",
				);
				PRODUCT_BUNDLE_IDENTIFIER = edu.psu.cse.auk7.ClassicsTests;
				PRODUCT_NAME = "$(TARGET_NAME)";
				SWIFT_VERSION = 5.0;
				TARGETED_DEVICE_FAMILY = "1,2";
				TEST_HOST = "$(BUILT_PRODUCTS_DIR)/Classics.app/Classics";
			};
			name = Debug;
		};
		1B7483FB253E68DA00B37F26 /* Release */ = {
			isa = XCBuildConfiguration;
			buildSettings = {
				ALWAYS_EMBED_SWIFT_STANDARD_LIBRARIES = YES;
				BUNDLE_LOADER = "$(TEST_HOST)";
				CODE_SIGN_STYLE = Automatic;
				INFOPLIST_FILE = ClassicsTests/Info.plist;
				IPHONEOS_DEPLOYMENT_TARGET = 14.0;
				LD_RUNPATH_SEARCH_PATHS = (
					"$(inherited)",
					"@executable_path/Frameworks",
					"@loader_path/Frameworks",
				);
				PRODUCT_BUNDLE_IDENTIFIER = edu.psu.cse.auk7.ClassicsTests;
				PRODUCT_NAME = "$(TARGET_NAME)";
				SWIFT_VERSION = 5.0;
				TARGETED_DEVICE_FAMILY = "1,2";
				TEST_HOST = "$(BUILT_PRODUCTS_DIR)/Classics.app/Classics";
			};
			name = Release;
		};
		1B7483FD253E68DA00B37F26 /* Debug */ = {
			isa = XCBuildConfiguration;
			buildSettings = {
				ALWAYS_EMBED_SWIFT_STANDARD_LIBRARIES = YES;
				CODE_SIGN_STYLE = Automatic;
				INFOPLIST_FILE = ClassicsUITests/Info.plist;
				LD_RUNPATH_SEARCH_PATHS = (
					"$(inherited)",
					"@executable_path/Frameworks",
					"@loader_path/Frameworks",
				);
				PRODUCT_BUNDLE_IDENTIFIER = edu.psu.cse.auk7.ClassicsUITests;
				PRODUCT_NAME = "$(TARGET_NAME)";
				SWIFT_VERSION = 5.0;
				TARGETED_DEVICE_FAMILY = "1,2";
				TEST_TARGET_NAME = Classics;
			};
			name = Debug;
		};
		1B7483FE253E68DA00B37F26 /* Release */ = {
			isa = XCBuildConfiguration;
			buildSettings = {
				ALWAYS_EMBED_SWIFT_STANDARD_LIBRARIES = YES;
				CODE_SIGN_STYLE = Automatic;
				INFOPLIST_FILE = ClassicsUITests/Info.plist;
				LD_RUNPATH_SEARCH_PATHS = (
					"$(inherited)",
					"@executable_path/Frameworks",
					"@loader_path/Frameworks",
				);
				PRODUCT_BUNDLE_IDENTIFIER = edu.psu.cse.auk7.ClassicsUITests;
				PRODUCT_NAME = "$(TARGET_NAME)";
				SWIFT_VERSION = 5.0;
				TARGETED_DEVICE_FAMILY = "1,2";
				TEST_TARGET_NAME = Classics;
			};
			name = Release;
		};
/* End XCBuildConfiguration section */

/* Begin XCConfigurationList section */
		1B7483CC253E68D600B37F26 /* Build configuration list for PBXProject "Classics" */ = {
			isa = XCConfigurationList;
			buildConfigurations = (
				1B7483F4253E68DA00B37F26 /* Debug */,
				1B7483F5253E68DA00B37F26 /* Release */,
			);
			defaultConfigurationIsVisible = 0;
			defaultConfigurationName = Release;
		};
		1B7483F6253E68DA00B37F26 /* Build configuration list for PBXNativeTarget "Classics" */ = {
			isa = XCConfigurationList;
			buildConfigurations = (
				1B7483F7253E68DA00B37F26 /* Debug */,
				1B7483F8253E68DA00B37F26 /* Release */,
			);
			defaultConfigurationIsVisible = 0;
			defaultConfigurationName = Release;
		};
		1B7483F9253E68DA00B37F26 /* Build configuration list for PBXNativeTarget "ClassicsTests" */ = {
			isa = XCConfigurationList;
			buildConfigurations = (
				1B7483FA253E68DA00B37F26 /* Debug */,
				1B7483FB253E68DA00B37F26 /* Release */,
			);
			defaultConfigurationIsVisible = 0;
			defaultConfigurationName = Release;
		};
		1B7483FC253E68DA00B37F26 /* Build configuration list for PBXNativeTarget "ClassicsUITests" */ = {
			isa = XCConfigurationList;
			buildConfigurations = (
				1B7483FD253E68DA00B37F26 /* Debug */,
				1B7483FE253E68DA00B37F26 /* Release */,
			);
			defaultConfigurationIsVisible = 0;
			defaultConfigurationName = Release;
		};
/* End XCConfigurationList section */

/* Begin XCVersionGroup section */
		1B28E6F5254CD5370044BE27 /* BookCoreData.xcdatamodeld */ = {
			isa = XCVersionGroup;
			children = (
				1B28E6F6254CD5370044BE27 /* BookCoreData.xcdatamodel */,
			);
			currentVersion = 1B28E6F6254CD5370044BE27 /* BookCoreData.xcdatamodel */;
			path = BookCoreData.xcdatamodeld;
			sourceTree = "<group>";
			versionGroupType = wrapper.xcdatamodel;
		};
/* End XCVersionGroup section */
	};
	rootObject = 1B7483C9253E68D600B37F26 /* Project object */;
}
